// !$*UTF8*$!
{
	archiveVersion = 1;
	classes = {
	};
	objectVersion = 48;
	objects = {

/* Begin PBXBuildFile section */
		834C30AE20532FFB003DA584 /* AppDelegate.swift in Sources */ = {isa = PBXBuildFile; fileRef = 834C30AD20532FFB003DA584 /* AppDelegate.swift */; };
		834C30B320532FFB003DA584 /* Main.storyboard in Resources */ = {isa = PBXBuildFile; fileRef = 834C30B120532FFB003DA584 /* Main.storyboard */; };
		834C30B620532FFB003DA584 /* TigerHacks_App.xcdatamodeld in Sources */ = {isa = PBXBuildFile; fileRef = 834C30B420532FFB003DA584 /* TigerHacks_App.xcdatamodeld */; };
		834C30B820532FFB003DA584 /* Assets.xcassets in Resources */ = {isa = PBXBuildFile; fileRef = 834C30B720532FFB003DA584 /* Assets.xcassets */; };
		834C30BB20532FFB003DA584 /* LaunchScreen.storyboard in Resources */ = {isa = PBXBuildFile; fileRef = 834C30B920532FFB003DA584 /* LaunchScreen.storyboard */; };
		834C30C32053307B003DA584 /* Event.swift in Sources */ = {isa = PBXBuildFile; fileRef = 834C30C22053307B003DA584 /* Event.swift */; };
		834C30C520533085003DA584 /* Prize.swift in Sources */ = {isa = PBXBuildFile; fileRef = 834C30C420533085003DA584 /* Prize.swift */; };
		834C30C720533096003DA584 /* Sponsor.swift in Sources */ = {isa = PBXBuildFile; fileRef = 834C30C620533096003DA584 /* Sponsor.swift */; };
		834C30C92053309E003DA584 /* Mentor.swift in Sources */ = {isa = PBXBuildFile; fileRef = 834C30C82053309E003DA584 /* Mentor.swift */; };
		834C30CB205330AC003DA584 /* Model.swift in Sources */ = {isa = PBXBuildFile; fileRef = 834C30CA205330AC003DA584 /* Model.swift */; };
		834C30CE20533E01003DA584 /* PrizesViewController.swift in Sources */ = {isa = PBXBuildFile; fileRef = 834C30CD20533E01003DA584 /* PrizesViewController.swift */; };
		834C30D020533EBA003DA584 /* PrizeTableViewCell.swift in Sources */ = {isa = PBXBuildFile; fileRef = 834C30CF20533EBA003DA584 /* PrizeTableViewCell.swift */; };
		834C30D320533F6C003DA584 /* ScheduleViewController.swift in Sources */ = {isa = PBXBuildFile; fileRef = 834C30D220533F6C003DA584 /* ScheduleViewController.swift */; };
		834C30DB20534100003DA584 /* ScheduleTableViewCell.swift in Sources */ = {isa = PBXBuildFile; fileRef = 834C30DA20534100003DA584 /* ScheduleTableViewCell.swift */; };
		834C30DD20534994003DA584 /* TigerTalksTableViewController.swift in Sources */ = {isa = PBXBuildFile; fileRef = 834C30DC20534994003DA584 /* TigerTalksTableViewController.swift */; };
		834C30DF20534A05003DA584 /* TigerTalksDetailViewController.swift in Sources */ = {isa = PBXBuildFile; fileRef = 834C30DE20534A05003DA584 /* TigerTalksDetailViewController.swift */; };
		834C30E120534B32003DA584 /* EventDetailViewController.swift in Sources */ = {isa = PBXBuildFile; fileRef = 834C30E020534B32003DA584 /* EventDetailViewController.swift */; };
		834C30E320534B62003DA584 /* MapViewController.swift in Sources */ = {isa = PBXBuildFile; fileRef = 834C30E220534B62003DA584 /* MapViewController.swift */; };
		834C30E520534BC7003DA584 /* SponsorsCollectionViewController.swift in Sources */ = {isa = PBXBuildFile; fileRef = 834C30E420534BC7003DA584 /* SponsorsCollectionViewController.swift */; };
		834C30E720534C14003DA584 /* SponsorsDetailViewController.swift in Sources */ = {isa = PBXBuildFile; fileRef = 834C30E620534C14003DA584 /* SponsorsDetailViewController.swift */; };
		834C30E92053625E003DA584 /* SponsorCollectionViewCell.swift in Sources */ = {isa = PBXBuildFile; fileRef = 834C30E82053625E003DA584 /* SponsorCollectionViewCell.swift */; };
		834C30EB2053634E003DA584 /* TigerTalksTableViewCell.swift in Sources */ = {isa = PBXBuildFile; fileRef = 834C30EA2053634E003DA584 /* TigerTalksTableViewCell.swift */; };
/* End PBXBuildFile section */

/* Begin PBXFileReference section */
		834C30AA20532FFB003DA584 /* TigerHacks-App.app */ = {isa = PBXFileReference; explicitFileType = wrapper.application; includeInIndex = 0; path = "TigerHacks-App.app"; sourceTree = BUILT_PRODUCTS_DIR; };
		834C30AD20532FFB003DA584 /* AppDelegate.swift */ = {isa = PBXFileReference; lastKnownFileType = sourcecode.swift; path = AppDelegate.swift; sourceTree = "<group>"; };
		834C30B220532FFB003DA584 /* Base */ = {isa = PBXFileReference; lastKnownFileType = file.storyboard; name = Base; path = Base.lproj/Main.storyboard; sourceTree = "<group>"; };
		834C30B520532FFB003DA584 /* TigerHacks_App.xcdatamodel */ = {isa = PBXFileReference; lastKnownFileType = wrapper.xcdatamodel; path = TigerHacks_App.xcdatamodel; sourceTree = "<group>"; };
		834C30B720532FFB003DA584 /* Assets.xcassets */ = {isa = PBXFileReference; lastKnownFileType = folder.assetcatalog; path = Assets.xcassets; sourceTree = "<group>"; };
		834C30BA20532FFB003DA584 /* Base */ = {isa = PBXFileReference; lastKnownFileType = file.storyboard; name = Base; path = Base.lproj/LaunchScreen.storyboard; sourceTree = "<group>"; };
		834C30BC20532FFB003DA584 /* Info.plist */ = {isa = PBXFileReference; lastKnownFileType = text.plist.xml; path = Info.plist; sourceTree = "<group>"; };
		834C30C22053307B003DA584 /* Event.swift */ = {isa = PBXFileReference; lastKnownFileType = sourcecode.swift; path = Event.swift; sourceTree = "<group>"; };
		834C30C420533085003DA584 /* Prize.swift */ = {isa = PBXFileReference; lastKnownFileType = sourcecode.swift; path = Prize.swift; sourceTree = "<group>"; };
		834C30C620533096003DA584 /* Sponsor.swift */ = {isa = PBXFileReference; lastKnownFileType = sourcecode.swift; path = Sponsor.swift; sourceTree = "<group>"; };
		834C30C82053309E003DA584 /* Mentor.swift */ = {isa = PBXFileReference; lastKnownFileType = sourcecode.swift; path = Mentor.swift; sourceTree = "<group>"; };
		834C30CA205330AC003DA584 /* Model.swift */ = {isa = PBXFileReference; lastKnownFileType = sourcecode.swift; path = Model.swift; sourceTree = "<group>"; };
		834C30CD20533E01003DA584 /* PrizesViewController.swift */ = {isa = PBXFileReference; lastKnownFileType = sourcecode.swift; path = PrizesViewController.swift; sourceTree = "<group>"; };
		834C30CF20533EBA003DA584 /* PrizeTableViewCell.swift */ = {isa = PBXFileReference; lastKnownFileType = sourcecode.swift; path = PrizeTableViewCell.swift; sourceTree = "<group>"; };
		834C30D220533F6C003DA584 /* ScheduleViewController.swift */ = {isa = PBXFileReference; lastKnownFileType = sourcecode.swift; path = ScheduleViewController.swift; sourceTree = "<group>"; };
		834C30DA20534100003DA584 /* ScheduleTableViewCell.swift */ = {isa = PBXFileReference; lastKnownFileType = sourcecode.swift; path = ScheduleTableViewCell.swift; sourceTree = "<group>"; };
		834C30DC20534994003DA584 /* TigerTalksTableViewController.swift */ = {isa = PBXFileReference; lastKnownFileType = sourcecode.swift; path = TigerTalksTableViewController.swift; sourceTree = "<group>"; };
		834C30DE20534A05003DA584 /* TigerTalksDetailViewController.swift */ = {isa = PBXFileReference; lastKnownFileType = sourcecode.swift; path = TigerTalksDetailViewController.swift; sourceTree = "<group>"; };
		834C30E020534B32003DA584 /* EventDetailViewController.swift */ = {isa = PBXFileReference; lastKnownFileType = sourcecode.swift; path = EventDetailViewController.swift; sourceTree = "<group>"; };
		834C30E220534B62003DA584 /* MapViewController.swift */ = {isa = PBXFileReference; lastKnownFileType = sourcecode.swift; path = MapViewController.swift; sourceTree = "<group>"; };
		834C30E420534BC7003DA584 /* SponsorsCollectionViewController.swift */ = {isa = PBXFileReference; lastKnownFileType = sourcecode.swift; path = SponsorsCollectionViewController.swift; sourceTree = "<group>"; };
		834C30E620534C14003DA584 /* SponsorsDetailViewController.swift */ = {isa = PBXFileReference; lastKnownFileType = sourcecode.swift; path = SponsorsDetailViewController.swift; sourceTree = "<group>"; };
		834C30E82053625E003DA584 /* SponsorCollectionViewCell.swift */ = {isa = PBXFileReference; lastKnownFileType = sourcecode.swift; path = SponsorCollectionViewCell.swift; sourceTree = "<group>"; };
		834C30EA2053634E003DA584 /* TigerTalksTableViewCell.swift */ = {isa = PBXFileReference; lastKnownFileType = sourcecode.swift; path = TigerTalksTableViewCell.swift; sourceTree = "<group>"; };
/* End PBXFileReference section */

/* Begin PBXFrameworksBuildPhase section */
		834C30A720532FFB003DA584 /* Frameworks */ = {
			isa = PBXFrameworksBuildPhase;
			buildActionMask = 2147483647;
			files = (
			);
			runOnlyForDeploymentPostprocessing = 0;
		};
/* End PBXFrameworksBuildPhase section */

/* Begin PBXGroup section */
		834C30A120532FFB003DA584 = {
			isa = PBXGroup;
			children = (
				834C30AC20532FFB003DA584 /* TigerHacks-App */,
				834C30AB20532FFB003DA584 /* Products */,
			);
			sourceTree = "<group>";
		};
		834C30AB20532FFB003DA584 /* Products */ = {
			isa = PBXGroup;
			children = (
				834C30AA20532FFB003DA584 /* TigerHacks-App.app */,
			);
			name = Products;
			sourceTree = "<group>";
		};
		834C30AC20532FFB003DA584 /* TigerHacks-App */ = {
			isa = PBXGroup;
			children = (
				834C30AD20532FFB003DA584 /* AppDelegate.swift */,
				834C30B120532FFB003DA584 /* Main.storyboard */,
				834C30CC205330F0003DA584 /* Model */,
				834C30D120533EE5003DA584 /* Views */,
				834C30B720532FFB003DA584 /* Assets.xcassets */,
				834C30B920532FFB003DA584 /* LaunchScreen.storyboard */,
				834C30BC20532FFB003DA584 /* Info.plist */,
				834C30B420532FFB003DA584 /* TigerHacks_App.xcdatamodeld */,
			);
			path = "TigerHacks-App";
			sourceTree = "<group>";
		};
		834C30CC205330F0003DA584 /* Model */ = {
			isa = PBXGroup;
			children = (
				834C30CA205330AC003DA584 /* Model.swift */,
				834C30C22053307B003DA584 /* Event.swift */,
				834C30C420533085003DA584 /* Prize.swift */,
				834C30C620533096003DA584 /* Sponsor.swift */,
				834C30C82053309E003DA584 /* Mentor.swift */,
			);
			path = Model;
			sourceTree = "<group>";
		};
		834C30D120533EE5003DA584 /* Views */ = {
			isa = PBXGroup;
			children = (
				834C30D42053406A003DA584 /* Schedule */,
				834C30D9205340B7003DA584 /* TigerTalks */,
				834C30D7205340A9003DA584 /* Map */,
				834C30D52053407F003DA584 /* Prizes */,
				834C30D62053409B003DA584 /* Sponsors */,
			);
			path = Views;
			sourceTree = "<group>";
		};
		834C30D42053406A003DA584 /* Schedule */ = {
			isa = PBXGroup;
			children = (
				834C30D220533F6C003DA584 /* ScheduleViewController.swift */,
				834C30DA20534100003DA584 /* ScheduleTableViewCell.swift */,
				834C30E020534B32003DA584 /* EventDetailViewController.swift */,
			);
			path = Schedule;
			sourceTree = "<group>";
		};
		834C30D52053407F003DA584 /* Prizes */ = {
			isa = PBXGroup;
			children = (
				834C30CD20533E01003DA584 /* PrizesViewController.swift */,
				834C30CF20533EBA003DA584 /* PrizeTableViewCell.swift */,
			);
			path = Prizes;
			sourceTree = "<group>";
		};
		834C30D62053409B003DA584 /* Sponsors */ = {
			isa = PBXGroup;
			children = (
				834C30E420534BC7003DA584 /* SponsorsCollectionViewController.swift */,
				834C30E82053625E003DA584 /* SponsorCollectionViewCell.swift */,
				834C30E620534C14003DA584 /* SponsorsDetailViewController.swift */,
			);
			path = Sponsors;
			sourceTree = "<group>";
		};
		834C30D7205340A9003DA584 /* Map */ = {
			isa = PBXGroup;
			children = (
				834C30E220534B62003DA584 /* MapViewController.swift */,
			);
			path = Map;
			sourceTree = "<group>";
		};
		834C30D9205340B7003DA584 /* TigerTalks */ = {
			isa = PBXGroup;
			children = (
				834C30DC20534994003DA584 /* TigerTalksTableViewController.swift */,
				834C30EA2053634E003DA584 /* TigerTalksTableViewCell.swift */,
				834C30DE20534A05003DA584 /* TigerTalksDetailViewController.swift */,
			);
			path = TigerTalks;
			sourceTree = "<group>";
		};
/* End PBXGroup section */

/* Begin PBXNativeTarget section */
		834C30A920532FFB003DA584 /* TigerHacks-App */ = {
			isa = PBXNativeTarget;
			buildConfigurationList = 834C30BF20532FFB003DA584 /* Build configuration list for PBXNativeTarget "TigerHacks-App" */;
			buildPhases = (
				834C30A620532FFB003DA584 /* Sources */,
				834C30A720532FFB003DA584 /* Frameworks */,
				834C30A820532FFB003DA584 /* Resources */,
			);
			buildRules = (
			);
			dependencies = (
			);
			name = "TigerHacks-App";
			productName = "TigerHacks-App";
			productReference = 834C30AA20532FFB003DA584 /* TigerHacks-App.app */;
			productType = "com.apple.product-type.application";
		};
/* End PBXNativeTarget section */

/* Begin PBXProject section */
		834C30A220532FFB003DA584 /* Project object */ = {
			isa = PBXProject;
			attributes = {
				LastSwiftUpdateCheck = 0920;
				LastUpgradeCheck = 0920;
				ORGANIZATIONNAME = "Zukosky, Jonah";
				TargetAttributes = {
					834C30A920532FFB003DA584 = {
						CreatedOnToolsVersion = 9.2;
						ProvisioningStyle = Automatic;
					};
				};
			};
			buildConfigurationList = 834C30A520532FFB003DA584 /* Build configuration list for PBXProject "TigerHacks-App" */;
			compatibilityVersion = "Xcode 8.0";
			developmentRegion = en;
			hasScannedForEncodings = 0;
			knownRegions = (
				en,
				Base,
			);
			mainGroup = 834C30A120532FFB003DA584;
			productRefGroup = 834C30AB20532FFB003DA584 /* Products */;
			projectDirPath = "";
			projectRoot = "";
			targets = (
				834C30A920532FFB003DA584 /* TigerHacks-App */,
			);
		};
/* End PBXProject section */

/* Begin PBXResourcesBuildPhase section */
		834C30A820532FFB003DA584 /* Resources */ = {
			isa = PBXResourcesBuildPhase;
			buildActionMask = 2147483647;
			files = (
				834C30BB20532FFB003DA584 /* LaunchScreen.storyboard in Resources */,
				834C30B820532FFB003DA584 /* Assets.xcassets in Resources */,
				834C30B320532FFB003DA584 /* Main.storyboard in Resources */,
			);
			runOnlyForDeploymentPostprocessing = 0;
		};
/* End PBXResourcesBuildPhase section */

/* Begin PBXSourcesBuildPhase section */
		834C30A620532FFB003DA584 /* Sources */ = {
			isa = PBXSourcesBuildPhase;
			buildActionMask = 2147483647;
			files = (
				834C30E720534C14003DA584 /* SponsorsDetailViewController.swift in Sources */,
				834C30C720533096003DA584 /* Sponsor.swift in Sources */,
				834C30C32053307B003DA584 /* Event.swift in Sources */,
				834C30DB20534100003DA584 /* ScheduleTableViewCell.swift in Sources */,
				834C30E520534BC7003DA584 /* SponsorsCollectionViewController.swift in Sources */,
				834C30C520533085003DA584 /* Prize.swift in Sources */,
				834C30D020533EBA003DA584 /* PrizeTableViewCell.swift in Sources */,
				834C30CE20533E01003DA584 /* PrizesViewController.swift in Sources */,
				834C30D320533F6C003DA584 /* ScheduleViewController.swift in Sources */,
				834C30DD20534994003DA584 /* TigerTalksTableViewController.swift in Sources */,
				834C30EB2053634E003DA584 /* TigerTalksTableViewCell.swift in Sources */,
				834C30DF20534A05003DA584 /* TigerTalksDetailViewController.swift in Sources */,
				834C30B620532FFB003DA584 /* TigerHacks_App.xcdatamodeld in Sources */,
				834C30C92053309E003DA584 /* Mentor.swift in Sources */,
				834C30AE20532FFB003DA584 /* AppDelegate.swift in Sources */,
				834C30E120534B32003DA584 /* EventDetailViewController.swift in Sources */,
				834C30E92053625E003DA584 /* SponsorCollectionViewCell.swift in Sources */,
				834C30E320534B62003DA584 /* MapViewController.swift in Sources */,
				834C30CB205330AC003DA584 /* Model.swift in Sources */,
			);
			runOnlyForDeploymentPostprocessing = 0;
		};
/* End PBXSourcesBuildPhase section */

/* Begin PBXVariantGroup section */
		834C30B120532FFB003DA584 /* Main.storyboard */ = {
			isa = PBXVariantGroup;
			children = (
				834C30B220532FFB003DA584 /* Base */,
			);
			name = Main.storyboard;
			sourceTree = "<group>";
		};
		834C30B920532FFB003DA584 /* LaunchScreen.storyboard */ = {
			isa = PBXVariantGroup;
			children = (
				834C30BA20532FFB003DA584 /* Base */,
			);
			name = LaunchScreen.storyboard;
			sourceTree = "<group>";
		};
/* End PBXVariantGroup section */

/* Begin XCBuildConfiguration section */
		834C30BD20532FFB003DA584 /* Debug */ = {
			isa = XCBuildConfiguration;
			buildSettings = {
				ALWAYS_SEARCH_USER_PATHS = NO;
				CLANG_ANALYZER_NONNULL = YES;
				CLANG_ANALYZER_NUMBER_OBJECT_CONVERSION = YES_AGGRESSIVE;
				CLANG_CXX_LANGUAGE_STANDARD = "gnu++14";
				CLANG_CXX_LIBRARY = "libc++";
				CLANG_ENABLE_MODULES = YES;
				CLANG_ENABLE_OBJC_ARC = YES;
				CLANG_WARN_BLOCK_CAPTURE_AUTORELEASING = YES;
				CLANG_WARN_BOOL_CONVERSION = YES;
				CLANG_WARN_COMMA = YES;
				CLANG_WARN_CONSTANT_CONVERSION = YES;
				CLANG_WARN_DIRECT_OBJC_ISA_USAGE = YES_ERROR;
				CLANG_WARN_DOCUMENTATION_COMMENTS = YES;
				CLANG_WARN_EMPTY_BODY = YES;
				CLANG_WARN_ENUM_CONVERSION = YES;
				CLANG_WARN_INFINITE_RECURSION = YES;
				CLANG_WARN_INT_CONVERSION = YES;
				CLANG_WARN_NON_LITERAL_NULL_CONVERSION = YES;
				CLANG_WARN_OBJC_LITERAL_CONVERSION = YES;
				CLANG_WARN_OBJC_ROOT_CLASS = YES_ERROR;
				CLANG_WARN_RANGE_LOOP_ANALYSIS = YES;
				CLANG_WARN_STRICT_PROTOTYPES = YES;
				CLANG_WARN_SUSPICIOUS_MOVE = YES;
				CLANG_WARN_UNGUARDED_AVAILABILITY = YES_AGGRESSIVE;
				CLANG_WARN_UNREACHABLE_CODE = YES;
				CLANG_WARN__DUPLICATE_METHOD_MATCH = YES;
				CODE_SIGN_IDENTITY = "iPhone Developer";
				COPY_PHASE_STRIP = NO;
				DEBUG_INFORMATION_FORMAT = dwarf;
				ENABLE_STRICT_OBJC_MSGSEND = YES;
				ENABLE_TESTABILITY = YES;
				GCC_C_LANGUAGE_STANDARD = gnu11;
				GCC_DYNAMIC_NO_PIC = NO;
				GCC_NO_COMMON_BLOCKS = YES;
				GCC_OPTIMIZATION_LEVEL = 0;
				GCC_PREPROCESSOR_DEFINITIONS = (
					"DEBUG=1",
					"$(inherited)",
				);
				GCC_WARN_64_TO_32_BIT_CONVERSION = YES;
				GCC_WARN_ABOUT_RETURN_TYPE = YES_ERROR;
				GCC_WARN_UNDECLARED_SELECTOR = YES;
				GCC_WARN_UNINITIALIZED_AUTOS = YES_AGGRESSIVE;
				GCC_WARN_UNUSED_FUNCTION = YES;
				GCC_WARN_UNUSED_VARIABLE = YES;
				IPHONEOS_DEPLOYMENT_TARGET = 11.2;
				MTL_ENABLE_DEBUG_INFO = YES;
				ONLY_ACTIVE_ARCH = YES;
				SDKROOT = iphoneos;
				SWIFT_ACTIVE_COMPILATION_CONDITIONS = DEBUG;
				SWIFT_OPTIMIZATION_LEVEL = "-Onone";
			};
			name = Debug;
		};
		834C30BE20532FFB003DA584 /* Release */ = {
			isa = XCBuildConfiguration;
			buildSettings = {
				ALWAYS_SEARCH_USER_PATHS = NO;
				CLANG_ANALYZER_NONNULL = YES;
				CLANG_ANALYZER_NUMBER_OBJECT_CONVERSION = YES_AGGRESSIVE;
				CLANG_CXX_LANGUAGE_STANDARD = "gnu++14";
				CLANG_CXX_LIBRARY = "libc++";
				CLANG_ENABLE_MODULES = YES;
				CLANG_ENABLE_OBJC_ARC = YES;
				CLANG_WARN_BLOCK_CAPTURE_AUTORELEASING = YES;
				CLANG_WARN_BOOL_CONVERSION = YES;
				CLANG_WARN_COMMA = YES;
				CLANG_WARN_CONSTANT_CONVERSION = YES;
				CLANG_WARN_DIRECT_OBJC_ISA_USAGE = YES_ERROR;
				CLANG_WARN_DOCUMENTATION_COMMENTS = YES;
				CLANG_WARN_EMPTY_BODY = YES;
				CLANG_WARN_ENUM_CONVERSION = YES;
				CLANG_WARN_INFINITE_RECURSION = YES;
				CLANG_WARN_INT_CONVERSION = YES;
				CLANG_WARN_NON_LITERAL_NULL_CONVERSION = YES;
				CLANG_WARN_OBJC_LITERAL_CONVERSION = YES;
				CLANG_WARN_OBJC_ROOT_CLASS = YES_ERROR;
				CLANG_WARN_RANGE_LOOP_ANALYSIS = YES;
				CLANG_WARN_STRICT_PROTOTYPES = YES;
				CLANG_WARN_SUSPICIOUS_MOVE = YES;
				CLANG_WARN_UNGUARDED_AVAILABILITY = YES_AGGRESSIVE;
				CLANG_WARN_UNREACHABLE_CODE = YES;
				CLANG_WARN__DUPLICATE_METHOD_MATCH = YES;
				CODE_SIGN_IDENTITY = "iPhone Developer";
				COPY_PHASE_STRIP = NO;
				DEBUG_INFORMATION_FORMAT = "dwarf-with-dsym";
				ENABLE_NS_ASSERTIONS = NO;
				ENABLE_STRICT_OBJC_MSGSEND = YES;
				GCC_C_LANGUAGE_STANDARD = gnu11;
				GCC_NO_COMMON_BLOCKS = YES;
				GCC_WARN_64_TO_32_BIT_CONVERSION = YES;
				GCC_WARN_ABOUT_RETURN_TYPE = YES_ERROR;
				GCC_WARN_UNDECLARED_SELECTOR = YES;
				GCC_WARN_UNINITIALIZED_AUTOS = YES_AGGRESSIVE;
				GCC_WARN_UNUSED_FUNCTION = YES;
				GCC_WARN_UNUSED_VARIABLE = YES;
				IPHONEOS_DEPLOYMENT_TARGET = 11.2;
				MTL_ENABLE_DEBUG_INFO = NO;
				SDKROOT = iphoneos;
				SWIFT_OPTIMIZATION_LEVEL = "-Owholemodule";
				VALIDATE_PRODUCT = YES;
			};
			name = Release;
		};
		834C30C020532FFB003DA584 /* Debug */ = {
			isa = XCBuildConfiguration;
			buildSettings = {
				ASSETCATALOG_COMPILER_APPICON_NAME = AppIcon;
				CODE_SIGN_STYLE = Automatic;
				INFOPLIST_FILE = "TigerHacks-App/Info.plist";
				LD_RUNPATH_SEARCH_PATHS = "$(inherited) @executable_path/Frameworks";
				PRODUCT_BUNDLE_IDENTIFIER = "edu.missouri.TigerHacks-App";
				PRODUCT_NAME = "$(TARGET_NAME)";
				SWIFT_VERSION = 4.0;
				TARGETED_DEVICE_FAMILY = "1,2";
			};
			name = Debug;
		};
		834C30C120532FFB003DA584 /* Release */ = {
			isa = XCBuildConfiguration;
			buildSettings = {
				ASSETCATALOG_COMPILER_APPICON_NAME = AppIcon;
				CODE_SIGN_STYLE = Automatic;
				INFOPLIST_FILE = "TigerHacks-App/Info.plist";
				LD_RUNPATH_SEARCH_PATHS = "$(inherited) @executable_path/Frameworks";
				PRODUCT_BUNDLE_IDENTIFIER = "edu.missouri.TigerHacks-App";
				PRODUCT_NAME = "$(TARGET_NAME)";
				SWIFT_VERSION = 4.0;
				TARGETED_DEVICE_FAMILY = "1,2";
			};
			name = Release;
		};
/* End XCBuildConfiguration section */

/* Begin XCConfigurationList section */
		834C30A520532FFB003DA584 /* Build configuration list for PBXProject "TigerHacks-App" */ = {
			isa = XCConfigurationList;
			buildConfigurations = (
				834C30BD20532FFB003DA584 /* Debug */,
				834C30BE20532FFB003DA584 /* Release */,
			);
			defaultConfigurationIsVisible = 0;
			defaultConfigurationName = Release;
		};
		834C30BF20532FFB003DA584 /* Build configuration list for PBXNativeTarget "TigerHacks-App" */ = {
			isa = XCConfigurationList;
			buildConfigurations = (
				834C30C020532FFB003DA584 /* Debug */,
				834C30C120532FFB003DA584 /* Release */,
			);
			defaultConfigurationIsVisible = 0;
			defaultConfigurationName = Release;
		};
/* End XCConfigurationList section */

/* Begin XCVersionGroup section */
		834C30B420532FFB003DA584 /* TigerHacks_App.xcdatamodeld */ = {
			isa = XCVersionGroup;
			children = (
				834C30B520532FFB003DA584 /* TigerHacks_App.xcdatamodel */,
			);
			currentVersion = 834C30B520532FFB003DA584 /* TigerHacks_App.xcdatamodel */;
			path = TigerHacks_App.xcdatamodeld;
			sourceTree = "<group>";
			versionGroupType = wrapper.xcdatamodel;
		};
/* End XCVersionGroup section */
	};
	rootObject = 834C30A220532FFB003DA584 /* Project object */;
}
