// !$*UTF8*$!
{
	archiveVersion = 1;
	classes = {
	};
	objectVersion = 50;
	objects = {

/* Begin PBXBuildFile section */
		8331AD0B216539C100F405AB /* ResourceDetailViewController.swift in Sources */ = {isa = PBXBuildFile; fileRef = 8331AD0A216539C100F405AB /* ResourceDetailViewController.swift */; };
		834C30AE20532FFB003DA584 /* AppDelegate.swift in Sources */ = {isa = PBXBuildFile; fileRef = 834C30AD20532FFB003DA584 /* AppDelegate.swift */; };
		834C30B320532FFB003DA584 /* Main.storyboard in Resources */ = {isa = PBXBuildFile; fileRef = 834C30B120532FFB003DA584 /* Main.storyboard */; };
		834C30B820532FFB003DA584 /* Assets.xcassets in Resources */ = {isa = PBXBuildFile; fileRef = 834C30B720532FFB003DA584 /* Assets.xcassets */; };
		834C30BB20532FFB003DA584 /* LaunchScreen.storyboard in Resources */ = {isa = PBXBuildFile; fileRef = 834C30B920532FFB003DA584 /* LaunchScreen.storyboard */; };
		834C30C32053307B003DA584 /* Event.swift in Sources */ = {isa = PBXBuildFile; fileRef = 834C30C22053307B003DA584 /* Event.swift */; };
		834C30C520533085003DA584 /* Prize.swift in Sources */ = {isa = PBXBuildFile; fileRef = 834C30C420533085003DA584 /* Prize.swift */; };
		834C30C720533096003DA584 /* Sponsor.swift in Sources */ = {isa = PBXBuildFile; fileRef = 834C30C620533096003DA584 /* Sponsor.swift */; };
		834C30C92053309E003DA584 /* Mentor.swift in Sources */ = {isa = PBXBuildFile; fileRef = 834C30C82053309E003DA584 /* Mentor.swift */; };
		834C30CB205330AC003DA584 /* Model.swift in Sources */ = {isa = PBXBuildFile; fileRef = 834C30CA205330AC003DA584 /* Model.swift */; };
		834C30CE20533E01003DA584 /* PrizesViewController.swift in Sources */ = {isa = PBXBuildFile; fileRef = 834C30CD20533E01003DA584 /* PrizesViewController.swift */; };
		834C30D020533EBA003DA584 /* PrizeTableViewCell.swift in Sources */ = {isa = PBXBuildFile; fileRef = 834C30CF20533EBA003DA584 /* PrizeTableViewCell.swift */; };
		834C30D320533F6C003DA584 /* ScheduleViewController.swift in Sources */ = {isa = PBXBuildFile; fileRef = 834C30D220533F6C003DA584 /* ScheduleViewController.swift */; };
		834C30DB20534100003DA584 /* ScheduleTableViewCell.swift in Sources */ = {isa = PBXBuildFile; fileRef = 834C30DA20534100003DA584 /* ScheduleTableViewCell.swift */; };
		834C30DD20534994003DA584 /* ResourcesTableViewController.swift in Sources */ = {isa = PBXBuildFile; fileRef = 834C30DC20534994003DA584 /* ResourcesTableViewController.swift */; };
		834C30DF20534A05003DA584 /* TigerTalksDetailViewController.swift in Sources */ = {isa = PBXBuildFile; fileRef = 834C30DE20534A05003DA584 /* TigerTalksDetailViewController.swift */; };
		834C30E120534B32003DA584 /* EventDetailViewController.swift in Sources */ = {isa = PBXBuildFile; fileRef = 834C30E020534B32003DA584 /* EventDetailViewController.swift */; };
		834C30E320534B62003DA584 /* MapViewController.swift in Sources */ = {isa = PBXBuildFile; fileRef = 834C30E220534B62003DA584 /* MapViewController.swift */; };
		834C30E520534BC7003DA584 /* SponsorsCollectionViewController.swift in Sources */ = {isa = PBXBuildFile; fileRef = 834C30E420534BC7003DA584 /* SponsorsCollectionViewController.swift */; };
		834C30E720534C14003DA584 /* SponsorsDetailViewController.swift in Sources */ = {isa = PBXBuildFile; fileRef = 834C30E620534C14003DA584 /* SponsorsDetailViewController.swift */; };
		834C30E92053625E003DA584 /* SponsorCollectionViewCell.swift in Sources */ = {isa = PBXBuildFile; fileRef = 834C30E82053625E003DA584 /* SponsorCollectionViewCell.swift */; };
		834C30EB2053634E003DA584 /* ResourcesTableViewCell.swift in Sources */ = {isa = PBXBuildFile; fileRef = 834C30EA2053634E003DA584 /* ResourcesTableViewCell.swift */; };
		834C30ED20538791003DA584 /* PrizeDetailViewController.swift in Sources */ = {isa = PBXBuildFile; fileRef = 834C30EC20538791003DA584 /* PrizeDetailViewController.swift */; };
		835CCC2F2058414800A6F86E /* MapTableViewCell.swift in Sources */ = {isa = PBXBuildFile; fileRef = 835CCC2E2058414800A6F86E /* MapTableViewCell.swift */; };
		8370E4AC2087C7A6009983FC /* Youtube.swift in Sources */ = {isa = PBXBuildFile; fileRef = 8370E4AA2087C7A6009983FC /* Youtube.swift */; };
		83E116DA2135B81700C52D8B /* AllMentorTableViewController.swift in Sources */ = {isa = PBXBuildFile; fileRef = 83E116D92135B81700C52D8B /* AllMentorTableViewController.swift */; };
		83F2AFD22054816700A137E5 /* MentorTableViewCell.swift in Sources */ = {isa = PBXBuildFile; fileRef = 83F2AFD12054816700A137E5 /* MentorTableViewCell.swift */; };
		83F2AFD42054A05B00A137E5 /* Resource.swift in Sources */ = {isa = PBXBuildFile; fileRef = 83F2AFD32054A05B00A137E5 /* Resource.swift */; };
		83F984FF229D7FCA00D65BC3 /* AWSCore.framework in Frameworks */ = {isa = PBXBuildFile; fileRef = 83F984D9229D7FC100D65BC3 /* AWSCore.framework */; };
		83F98500229D7FCA00D65BC3 /* AWSCore.framework in Embed Frameworks */ = {isa = PBXBuildFile; fileRef = 83F984D9229D7FC100D65BC3 /* AWSCore.framework */; settings = {ATTRIBUTES = (CodeSignOnCopy, RemoveHeadersOnCopy, ); }; };
		83F98501229D7FCA00D65BC3 /* AWSLogs.framework in Frameworks */ = {isa = PBXBuildFile; fileRef = 83F984DA229D7FC200D65BC3 /* AWSLogs.framework */; };
		83F98502229D7FCA00D65BC3 /* AWSLogs.framework in Embed Frameworks */ = {isa = PBXBuildFile; fileRef = 83F984DA229D7FC200D65BC3 /* AWSLogs.framework */; settings = {ATTRIBUTES = (CodeSignOnCopy, RemoveHeadersOnCopy, ); }; };
		83F98503229D7FCA00D65BC3 /* AWSFacebookSignIn.framework in Frameworks */ = {isa = PBXBuildFile; fileRef = 83F984DB229D7FC200D65BC3 /* AWSFacebookSignIn.framework */; };
		83F98504229D7FCA00D65BC3 /* AWSFacebookSignIn.framework in Embed Frameworks */ = {isa = PBXBuildFile; fileRef = 83F984DB229D7FC200D65BC3 /* AWSFacebookSignIn.framework */; settings = {ATTRIBUTES = (CodeSignOnCopy, RemoveHeadersOnCopy, ); }; };
		83F98505229D7FCA00D65BC3 /* AWSLex.framework in Frameworks */ = {isa = PBXBuildFile; fileRef = 83F984DC229D7FC200D65BC3 /* AWSLex.framework */; };
		83F98506229D7FCA00D65BC3 /* AWSLex.framework in Embed Frameworks */ = {isa = PBXBuildFile; fileRef = 83F984DC229D7FC200D65BC3 /* AWSLex.framework */; settings = {ATTRIBUTES = (CodeSignOnCopy, RemoveHeadersOnCopy, ); }; };
		83F98507229D7FCA00D65BC3 /* AWSDynamoDB.framework in Frameworks */ = {isa = PBXBuildFile; fileRef = 83F984DD229D7FC200D65BC3 /* AWSDynamoDB.framework */; };
		83F98508229D7FCA00D65BC3 /* AWSDynamoDB.framework in Embed Frameworks */ = {isa = PBXBuildFile; fileRef = 83F984DD229D7FC200D65BC3 /* AWSDynamoDB.framework */; settings = {ATTRIBUTES = (CodeSignOnCopy, RemoveHeadersOnCopy, ); }; };
		83F98509229D7FCA00D65BC3 /* AWSKinesisVideo.framework in Frameworks */ = {isa = PBXBuildFile; fileRef = 83F984DE229D7FC200D65BC3 /* AWSKinesisVideo.framework */; };
		83F9850A229D7FCA00D65BC3 /* AWSKinesisVideo.framework in Embed Frameworks */ = {isa = PBXBuildFile; fileRef = 83F984DE229D7FC200D65BC3 /* AWSKinesisVideo.framework */; settings = {ATTRIBUTES = (CodeSignOnCopy, RemoveHeadersOnCopy, ); }; };
		83F9850B229D7FCA00D65BC3 /* AWSSES.framework in Frameworks */ = {isa = PBXBuildFile; fileRef = 83F984DF229D7FC300D65BC3 /* AWSSES.framework */; };
		83F9850C229D7FCA00D65BC3 /* AWSSES.framework in Embed Frameworks */ = {isa = PBXBuildFile; fileRef = 83F984DF229D7FC300D65BC3 /* AWSSES.framework */; settings = {ATTRIBUTES = (CodeSignOnCopy, RemoveHeadersOnCopy, ); }; };
		83F9850D229D7FCA00D65BC3 /* AWSTranscribe.framework in Frameworks */ = {isa = PBXBuildFile; fileRef = 83F984E0229D7FC300D65BC3 /* AWSTranscribe.framework */; };
		83F9850E229D7FCA00D65BC3 /* AWSTranscribe.framework in Embed Frameworks */ = {isa = PBXBuildFile; fileRef = 83F984E0229D7FC300D65BC3 /* AWSTranscribe.framework */; settings = {ATTRIBUTES = (CodeSignOnCopy, RemoveHeadersOnCopy, ); }; };
		83F98511229D7FCA00D65BC3 /* AWSPolly.framework in Frameworks */ = {isa = PBXBuildFile; fileRef = 83F984E2229D7FC300D65BC3 /* AWSPolly.framework */; };
		83F98512229D7FCA00D65BC3 /* AWSPolly.framework in Embed Frameworks */ = {isa = PBXBuildFile; fileRef = 83F984E2229D7FC300D65BC3 /* AWSPolly.framework */; settings = {ATTRIBUTES = (CodeSignOnCopy, RemoveHeadersOnCopy, ); }; };
		83F98513229D7FCA00D65BC3 /* AWSSQS.framework in Frameworks */ = {isa = PBXBuildFile; fileRef = 83F984E3229D7FC300D65BC3 /* AWSSQS.framework */; };
		83F98514229D7FCA00D65BC3 /* AWSSQS.framework in Embed Frameworks */ = {isa = PBXBuildFile; fileRef = 83F984E3229D7FC300D65BC3 /* AWSSQS.framework */; settings = {ATTRIBUTES = (CodeSignOnCopy, RemoveHeadersOnCopy, ); }; };
		83F98515229D7FCA00D65BC3 /* AWSAuthCore.framework in Frameworks */ = {isa = PBXBuildFile; fileRef = 83F984E4229D7FC400D65BC3 /* AWSAuthCore.framework */; };
		83F98516229D7FCA00D65BC3 /* AWSAuthCore.framework in Embed Frameworks */ = {isa = PBXBuildFile; fileRef = 83F984E4229D7FC400D65BC3 /* AWSAuthCore.framework */; settings = {ATTRIBUTES = (CodeSignOnCopy, RemoveHeadersOnCopy, ); }; };
		83F98517229D7FCA00D65BC3 /* AWSCognitoIdentityProvider.framework in Frameworks */ = {isa = PBXBuildFile; fileRef = 83F984E5229D7FC400D65BC3 /* AWSCognitoIdentityProvider.framework */; };
		83F98518229D7FCA00D65BC3 /* AWSCognitoIdentityProvider.framework in Embed Frameworks */ = {isa = PBXBuildFile; fileRef = 83F984E5229D7FC400D65BC3 /* AWSCognitoIdentityProvider.framework */; settings = {ATTRIBUTES = (CodeSignOnCopy, RemoveHeadersOnCopy, ); }; };
		83F98519229D7FCA00D65BC3 /* AWSMachineLearning.framework in Frameworks */ = {isa = PBXBuildFile; fileRef = 83F984E6229D7FC400D65BC3 /* AWSMachineLearning.framework */; };
		83F9851A229D7FCA00D65BC3 /* AWSMachineLearning.framework in Embed Frameworks */ = {isa = PBXBuildFile; fileRef = 83F984E6229D7FC400D65BC3 /* AWSMachineLearning.framework */; settings = {ATTRIBUTES = (CodeSignOnCopy, RemoveHeadersOnCopy, ); }; };
		83F9851B229D7FCA00D65BC3 /* AWSUserPoolsSignIn.framework in Frameworks */ = {isa = PBXBuildFile; fileRef = 83F984E7229D7FC400D65BC3 /* AWSUserPoolsSignIn.framework */; };
		83F9851C229D7FCA00D65BC3 /* AWSUserPoolsSignIn.framework in Embed Frameworks */ = {isa = PBXBuildFile; fileRef = 83F984E7229D7FC400D65BC3 /* AWSUserPoolsSignIn.framework */; settings = {ATTRIBUTES = (CodeSignOnCopy, RemoveHeadersOnCopy, ); }; };
		83F9851D229D7FCA00D65BC3 /* AWSAPIGateway.framework in Frameworks */ = {isa = PBXBuildFile; fileRef = 83F984E8229D7FC400D65BC3 /* AWSAPIGateway.framework */; };
		83F9851E229D7FCA00D65BC3 /* AWSAPIGateway.framework in Embed Frameworks */ = {isa = PBXBuildFile; fileRef = 83F984E8229D7FC400D65BC3 /* AWSAPIGateway.framework */; settings = {ATTRIBUTES = (CodeSignOnCopy, RemoveHeadersOnCopy, ); }; };
		83F9851F229D7FCA00D65BC3 /* AWSGoogleSignIn.framework in Frameworks */ = {isa = PBXBuildFile; fileRef = 83F984E9229D7FC500D65BC3 /* AWSGoogleSignIn.framework */; };
		83F98520229D7FCA00D65BC3 /* AWSGoogleSignIn.framework in Embed Frameworks */ = {isa = PBXBuildFile; fileRef = 83F984E9229D7FC500D65BC3 /* AWSGoogleSignIn.framework */; settings = {ATTRIBUTES = (CodeSignOnCopy, RemoveHeadersOnCopy, ); }; };
		83F98521229D7FCA00D65BC3 /* AWSLambda.framework in Frameworks */ = {isa = PBXBuildFile; fileRef = 83F984EA229D7FC500D65BC3 /* AWSLambda.framework */; };
		83F98522229D7FCA00D65BC3 /* AWSLambda.framework in Embed Frameworks */ = {isa = PBXBuildFile; fileRef = 83F984EA229D7FC500D65BC3 /* AWSLambda.framework */; settings = {ATTRIBUTES = (CodeSignOnCopy, RemoveHeadersOnCopy, ); }; };
		83F98523229D7FCB00D65BC3 /* AWSPinpoint.framework in Frameworks */ = {isa = PBXBuildFile; fileRef = 83F984EB229D7FC500D65BC3 /* AWSPinpoint.framework */; };
		83F98524229D7FCB00D65BC3 /* AWSPinpoint.framework in Embed Frameworks */ = {isa = PBXBuildFile; fileRef = 83F984EB229D7FC500D65BC3 /* AWSPinpoint.framework */; settings = {ATTRIBUTES = (CodeSignOnCopy, RemoveHeadersOnCopy, ); }; };
		83F98525229D7FCB00D65BC3 /* AWSCloudWatch.framework in Frameworks */ = {isa = PBXBuildFile; fileRef = 83F984EC229D7FC500D65BC3 /* AWSCloudWatch.framework */; };
		83F98526229D7FCB00D65BC3 /* AWSCloudWatch.framework in Embed Frameworks */ = {isa = PBXBuildFile; fileRef = 83F984EC229D7FC500D65BC3 /* AWSCloudWatch.framework */; settings = {ATTRIBUTES = (CodeSignOnCopy, RemoveHeadersOnCopy, ); }; };
		83F98527229D7FCB00D65BC3 /* AWSIoT.framework in Frameworks */ = {isa = PBXBuildFile; fileRef = 83F984ED229D7FC600D65BC3 /* AWSIoT.framework */; };
		83F98528229D7FCB00D65BC3 /* AWSIoT.framework in Embed Frameworks */ = {isa = PBXBuildFile; fileRef = 83F984ED229D7FC600D65BC3 /* AWSIoT.framework */; settings = {ATTRIBUTES = (CodeSignOnCopy, RemoveHeadersOnCopy, ); }; };
		83F98529229D7FCB00D65BC3 /* AWSMobileAnalytics.framework in Frameworks */ = {isa = PBXBuildFile; fileRef = 83F984EE229D7FC600D65BC3 /* AWSMobileAnalytics.framework */; };
		83F9852A229D7FCB00D65BC3 /* AWSMobileAnalytics.framework in Embed Frameworks */ = {isa = PBXBuildFile; fileRef = 83F984EE229D7FC600D65BC3 /* AWSMobileAnalytics.framework */; settings = {ATTRIBUTES = (CodeSignOnCopy, RemoveHeadersOnCopy, ); }; };
		83F9852B229D7FCB00D65BC3 /* AWSSimpleDB.framework in Frameworks */ = {isa = PBXBuildFile; fileRef = 83F984EF229D7FC600D65BC3 /* AWSSimpleDB.framework */; };
		83F9852C229D7FCB00D65BC3 /* AWSSimpleDB.framework in Embed Frameworks */ = {isa = PBXBuildFile; fileRef = 83F984EF229D7FC600D65BC3 /* AWSSimpleDB.framework */; settings = {ATTRIBUTES = (CodeSignOnCopy, RemoveHeadersOnCopy, ); }; };
		83F9852D229D7FCB00D65BC3 /* AWSKinesisVideoArchivedMedia.framework in Frameworks */ = {isa = PBXBuildFile; fileRef = 83F984F0229D7FC600D65BC3 /* AWSKinesisVideoArchivedMedia.framework */; };
		83F9852E229D7FCB00D65BC3 /* AWSKinesisVideoArchivedMedia.framework in Embed Frameworks */ = {isa = PBXBuildFile; fileRef = 83F984F0229D7FC600D65BC3 /* AWSKinesisVideoArchivedMedia.framework */; settings = {ATTRIBUTES = (CodeSignOnCopy, RemoveHeadersOnCopy, ); }; };
		83F9852F229D7FCB00D65BC3 /* AWSEC2.framework in Frameworks */ = {isa = PBXBuildFile; fileRef = 83F984F1229D7FC700D65BC3 /* AWSEC2.framework */; };
		83F98530229D7FCB00D65BC3 /* AWSEC2.framework in Embed Frameworks */ = {isa = PBXBuildFile; fileRef = 83F984F1229D7FC700D65BC3 /* AWSEC2.framework */; settings = {ATTRIBUTES = (CodeSignOnCopy, RemoveHeadersOnCopy, ); }; };
		83F98531229D7FCB00D65BC3 /* AWSCognitoIdentityProviderASF.framework in Frameworks */ = {isa = PBXBuildFile; fileRef = 83F984F2229D7FC700D65BC3 /* AWSCognitoIdentityProviderASF.framework */; };
		83F98532229D7FCB00D65BC3 /* AWSCognitoIdentityProviderASF.framework in Embed Frameworks */ = {isa = PBXBuildFile; fileRef = 83F984F2229D7FC700D65BC3 /* AWSCognitoIdentityProviderASF.framework */; settings = {ATTRIBUTES = (CodeSignOnCopy, RemoveHeadersOnCopy, ); }; };
		83F98533229D7FCB00D65BC3 /* AWSKinesis.framework in Frameworks */ = {isa = PBXBuildFile; fileRef = 83F984F3229D7FC700D65BC3 /* AWSKinesis.framework */; };
		83F98534229D7FCB00D65BC3 /* AWSKinesis.framework in Embed Frameworks */ = {isa = PBXBuildFile; fileRef = 83F984F3229D7FC700D65BC3 /* AWSKinesis.framework */; settings = {ATTRIBUTES = (CodeSignOnCopy, RemoveHeadersOnCopy, ); }; };
		83F98535229D7FCB00D65BC3 /* AWSCognitoAuth.framework in Frameworks */ = {isa = PBXBuildFile; fileRef = 83F984F4229D7FC800D65BC3 /* AWSCognitoAuth.framework */; };
		83F98536229D7FCB00D65BC3 /* AWSCognitoAuth.framework in Embed Frameworks */ = {isa = PBXBuildFile; fileRef = 83F984F4229D7FC800D65BC3 /* AWSCognitoAuth.framework */; settings = {ATTRIBUTES = (CodeSignOnCopy, RemoveHeadersOnCopy, ); }; };
		83F98537229D7FCB00D65BC3 /* AWSKMS.framework in Frameworks */ = {isa = PBXBuildFile; fileRef = 83F984F5229D7FC800D65BC3 /* AWSKMS.framework */; };
		83F98538229D7FCB00D65BC3 /* AWSKMS.framework in Embed Frameworks */ = {isa = PBXBuildFile; fileRef = 83F984F5229D7FC800D65BC3 /* AWSKMS.framework */; settings = {ATTRIBUTES = (CodeSignOnCopy, RemoveHeadersOnCopy, ); }; };
		83F98539229D7FCB00D65BC3 /* AWSSNS.framework in Frameworks */ = {isa = PBXBuildFile; fileRef = 83F984F6229D7FC800D65BC3 /* AWSSNS.framework */; };
		83F9853A229D7FCB00D65BC3 /* AWSSNS.framework in Embed Frameworks */ = {isa = PBXBuildFile; fileRef = 83F984F6229D7FC800D65BC3 /* AWSSNS.framework */; settings = {ATTRIBUTES = (CodeSignOnCopy, RemoveHeadersOnCopy, ); }; };
		83F9853B229D7FCB00D65BC3 /* AWSAuthUI.framework in Frameworks */ = {isa = PBXBuildFile; fileRef = 83F984F7229D7FC800D65BC3 /* AWSAuthUI.framework */; };
		83F9853C229D7FCB00D65BC3 /* AWSAuthUI.framework in Embed Frameworks */ = {isa = PBXBuildFile; fileRef = 83F984F7229D7FC800D65BC3 /* AWSAuthUI.framework */; settings = {ATTRIBUTES = (CodeSignOnCopy, RemoveHeadersOnCopy, ); }; };
		83F9853D229D7FCB00D65BC3 /* AWSCognito.framework in Frameworks */ = {isa = PBXBuildFile; fileRef = 83F984F8229D7FC800D65BC3 /* AWSCognito.framework */; };
		83F9853E229D7FCB00D65BC3 /* AWSCognito.framework in Embed Frameworks */ = {isa = PBXBuildFile; fileRef = 83F984F8229D7FC800D65BC3 /* AWSCognito.framework */; settings = {ATTRIBUTES = (CodeSignOnCopy, RemoveHeadersOnCopy, ); }; };
		83F9853F229D7FCB00D65BC3 /* AWSAutoScaling.framework in Frameworks */ = {isa = PBXBuildFile; fileRef = 83F984F9229D7FC900D65BC3 /* AWSAutoScaling.framework */; };
		83F98540229D7FCB00D65BC3 /* AWSAutoScaling.framework in Embed Frameworks */ = {isa = PBXBuildFile; fileRef = 83F984F9229D7FC900D65BC3 /* AWSAutoScaling.framework */; settings = {ATTRIBUTES = (CodeSignOnCopy, RemoveHeadersOnCopy, ); }; };
		83F98541229D7FCB00D65BC3 /* AWSElasticLoadBalancing.framework in Frameworks */ = {isa = PBXBuildFile; fileRef = 83F984FA229D7FC900D65BC3 /* AWSElasticLoadBalancing.framework */; };
		83F98542229D7FCB00D65BC3 /* AWSElasticLoadBalancing.framework in Embed Frameworks */ = {isa = PBXBuildFile; fileRef = 83F984FA229D7FC900D65BC3 /* AWSElasticLoadBalancing.framework */; settings = {ATTRIBUTES = (CodeSignOnCopy, RemoveHeadersOnCopy, ); }; };
		83F98543229D7FCB00D65BC3 /* AWSComprehend.framework in Frameworks */ = {isa = PBXBuildFile; fileRef = 83F984FB229D7FC900D65BC3 /* AWSComprehend.framework */; };
		83F98544229D7FCB00D65BC3 /* AWSComprehend.framework in Embed Frameworks */ = {isa = PBXBuildFile; fileRef = 83F984FB229D7FC900D65BC3 /* AWSComprehend.framework */; settings = {ATTRIBUTES = (CodeSignOnCopy, RemoveHeadersOnCopy, ); }; };
		83F98545229D7FCB00D65BC3 /* AWSRekognition.framework in Frameworks */ = {isa = PBXBuildFile; fileRef = 83F984FC229D7FC900D65BC3 /* AWSRekognition.framework */; };
		83F98546229D7FCB00D65BC3 /* AWSRekognition.framework in Embed Frameworks */ = {isa = PBXBuildFile; fileRef = 83F984FC229D7FC900D65BC3 /* AWSRekognition.framework */; settings = {ATTRIBUTES = (CodeSignOnCopy, RemoveHeadersOnCopy, ); }; };
		83F98547229D7FCB00D65BC3 /* AWSS3.framework in Frameworks */ = {isa = PBXBuildFile; fileRef = 83F984FD229D7FCA00D65BC3 /* AWSS3.framework */; };
		83F98548229D7FCB00D65BC3 /* AWSS3.framework in Embed Frameworks */ = {isa = PBXBuildFile; fileRef = 83F984FD229D7FCA00D65BC3 /* AWSS3.framework */; settings = {ATTRIBUTES = (CodeSignOnCopy, RemoveHeadersOnCopy, ); }; };
		83F98549229D7FCB00D65BC3 /* AWSTranslate.framework in Frameworks */ = {isa = PBXBuildFile; fileRef = 83F984FE229D7FCA00D65BC3 /* AWSTranslate.framework */; };
		83F9854A229D7FCB00D65BC3 /* AWSTranslate.framework in Embed Frameworks */ = {isa = PBXBuildFile; fileRef = 83F984FE229D7FCA00D65BC3 /* AWSTranslate.framework */; settings = {ATTRIBUTES = (CodeSignOnCopy, RemoveHeadersOnCopy, ); }; };
		AE4CBCD4215C1DD200BD049C /* SponsorResponse.swift in Sources */ = {isa = PBXBuildFile; fileRef = AE4CBCD3215C1DD200BD049C /* SponsorResponse.swift */; };
		AE8E31D9208957BC0041520F /* Constants.swift in Sources */ = {isa = PBXBuildFile; fileRef = AE8E31D8208957BC0041520F /* Constants.swift */; };
		AE8E31DB208958560041520F /* Extensions.swift in Sources */ = {isa = PBXBuildFile; fileRef = AE8E31DA208958560041520F /* Extensions.swift */; };
/* End PBXBuildFile section */

/* Begin PBXCopyFilesBuildPhase section */
		83F984D7229D7F0400D65BC3 /* Embed Frameworks */ = {
			isa = PBXCopyFilesBuildPhase;
			buildActionMask = 2147483647;
			dstPath = "";
			dstSubfolderSpec = 10;
			files = (
				83F98536229D7FCB00D65BC3 /* AWSCognitoAuth.framework in Embed Frameworks */,
				83F9853A229D7FCB00D65BC3 /* AWSSNS.framework in Embed Frameworks */,
				83F9853C229D7FCB00D65BC3 /* AWSAuthUI.framework in Embed Frameworks */,
				83F98526229D7FCB00D65BC3 /* AWSCloudWatch.framework in Embed Frameworks */,
				83F98542229D7FCB00D65BC3 /* AWSElasticLoadBalancing.framework in Embed Frameworks */,
				83F9851C229D7FCA00D65BC3 /* AWSUserPoolsSignIn.framework in Embed Frameworks */,
				83F9851A229D7FCA00D65BC3 /* AWSMachineLearning.framework in Embed Frameworks */,
				83F9852A229D7FCB00D65BC3 /* AWSMobileAnalytics.framework in Embed Frameworks */,
				83F98514229D7FCA00D65BC3 /* AWSSQS.framework in Embed Frameworks */,
				83F98522229D7FCA00D65BC3 /* AWSLambda.framework in Embed Frameworks */,
				83F98530229D7FCB00D65BC3 /* AWSEC2.framework in Embed Frameworks */,
				83F98506229D7FCA00D65BC3 /* AWSLex.framework in Embed Frameworks */,
				83F98504229D7FCA00D65BC3 /* AWSFacebookSignIn.framework in Embed Frameworks */,
				83F98516229D7FCA00D65BC3 /* AWSAuthCore.framework in Embed Frameworks */,
				83F98528229D7FCB00D65BC3 /* AWSIoT.framework in Embed Frameworks */,
				83F9853E229D7FCB00D65BC3 /* AWSCognito.framework in Embed Frameworks */,
				83F98500229D7FCA00D65BC3 /* AWSCore.framework in Embed Frameworks */,
				83F98512229D7FCA00D65BC3 /* AWSPolly.framework in Embed Frameworks */,
				83F98520229D7FCA00D65BC3 /* AWSGoogleSignIn.framework in Embed Frameworks */,
				83F98540229D7FCB00D65BC3 /* AWSAutoScaling.framework in Embed Frameworks */,
				83F98544229D7FCB00D65BC3 /* AWSComprehend.framework in Embed Frameworks */,
				83F9850E229D7FCA00D65BC3 /* AWSTranscribe.framework in Embed Frameworks */,
				83F98502229D7FCA00D65BC3 /* AWSLogs.framework in Embed Frameworks */,
				83F9851E229D7FCA00D65BC3 /* AWSAPIGateway.framework in Embed Frameworks */,
				83F9852E229D7FCB00D65BC3 /* AWSKinesisVideoArchivedMedia.framework in Embed Frameworks */,
				83F98524229D7FCB00D65BC3 /* AWSPinpoint.framework in Embed Frameworks */,
				83F9850C229D7FCA00D65BC3 /* AWSSES.framework in Embed Frameworks */,
				83F98534229D7FCB00D65BC3 /* AWSKinesis.framework in Embed Frameworks */,
				83F98546229D7FCB00D65BC3 /* AWSRekognition.framework in Embed Frameworks */,
				83F9854A229D7FCB00D65BC3 /* AWSTranslate.framework in Embed Frameworks */,
				83F9852C229D7FCB00D65BC3 /* AWSSimpleDB.framework in Embed Frameworks */,
				83F98518229D7FCA00D65BC3 /* AWSCognitoIdentityProvider.framework in Embed Frameworks */,
				83F98508229D7FCA00D65BC3 /* AWSDynamoDB.framework in Embed Frameworks */,
				83F98548229D7FCB00D65BC3 /* AWSS3.framework in Embed Frameworks */,
				83F98532229D7FCB00D65BC3 /* AWSCognitoIdentityProviderASF.framework in Embed Frameworks */,
				83F9850A229D7FCA00D65BC3 /* AWSKinesisVideo.framework in Embed Frameworks */,
				83F98538229D7FCB00D65BC3 /* AWSKMS.framework in Embed Frameworks */,
			);
			name = "Embed Frameworks";
			runOnlyForDeploymentPostprocessing = 0;
		};
/* End PBXCopyFilesBuildPhase section */

/* Begin PBXFileReference section */
		8331AD0A216539C100F405AB /* ResourceDetailViewController.swift */ = {isa = PBXFileReference; lastKnownFileType = sourcecode.swift; path = ResourceDetailViewController.swift; sourceTree = "<group>"; };
		834C30AA20532FFB003DA584 /* TigerHacks-App.app */ = {isa = PBXFileReference; explicitFileType = wrapper.application; includeInIndex = 0; path = "TigerHacks-App.app"; sourceTree = BUILT_PRODUCTS_DIR; };
		834C30AD20532FFB003DA584 /* AppDelegate.swift */ = {isa = PBXFileReference; lastKnownFileType = sourcecode.swift; path = AppDelegate.swift; sourceTree = "<group>"; };
		834C30B220532FFB003DA584 /* Base */ = {isa = PBXFileReference; lastKnownFileType = file.storyboard; name = Base; path = Base.lproj/Main.storyboard; sourceTree = "<group>"; };
		834C30B520532FFB003DA584 /* TigerHacks_App.xcdatamodel */ = {isa = PBXFileReference; lastKnownFileType = wrapper.xcdatamodel; path = TigerHacks_App.xcdatamodel; sourceTree = "<group>"; };
		834C30B720532FFB003DA584 /* Assets.xcassets */ = {isa = PBXFileReference; lastKnownFileType = folder.assetcatalog; path = Assets.xcassets; sourceTree = "<group>"; };
		834C30BA20532FFB003DA584 /* Base */ = {isa = PBXFileReference; lastKnownFileType = file.storyboard; name = Base; path = Base.lproj/LaunchScreen.storyboard; sourceTree = "<group>"; };
		834C30BC20532FFB003DA584 /* Info.plist */ = {isa = PBXFileReference; lastKnownFileType = text.plist.xml; path = Info.plist; sourceTree = "<group>"; };
		834C30C22053307B003DA584 /* Event.swift */ = {isa = PBXFileReference; lastKnownFileType = sourcecode.swift; path = Event.swift; sourceTree = "<group>"; };
		834C30C420533085003DA584 /* Prize.swift */ = {isa = PBXFileReference; lastKnownFileType = sourcecode.swift; path = Prize.swift; sourceTree = "<group>"; };
		834C30C620533096003DA584 /* Sponsor.swift */ = {isa = PBXFileReference; lastKnownFileType = sourcecode.swift; path = Sponsor.swift; sourceTree = "<group>"; };
		834C30C82053309E003DA584 /* Mentor.swift */ = {isa = PBXFileReference; lastKnownFileType = sourcecode.swift; path = Mentor.swift; sourceTree = "<group>"; };
		834C30CA205330AC003DA584 /* Model.swift */ = {isa = PBXFileReference; lastKnownFileType = sourcecode.swift; path = Model.swift; sourceTree = "<group>"; };
		834C30CD20533E01003DA584 /* PrizesViewController.swift */ = {isa = PBXFileReference; lastKnownFileType = sourcecode.swift; path = PrizesViewController.swift; sourceTree = "<group>"; };
		834C30CF20533EBA003DA584 /* PrizeTableViewCell.swift */ = {isa = PBXFileReference; lastKnownFileType = sourcecode.swift; path = PrizeTableViewCell.swift; sourceTree = "<group>"; };
		834C30D220533F6C003DA584 /* ScheduleViewController.swift */ = {isa = PBXFileReference; lastKnownFileType = sourcecode.swift; path = ScheduleViewController.swift; sourceTree = "<group>"; };
		834C30DA20534100003DA584 /* ScheduleTableViewCell.swift */ = {isa = PBXFileReference; lastKnownFileType = sourcecode.swift; path = ScheduleTableViewCell.swift; sourceTree = "<group>"; };
		834C30DC20534994003DA584 /* ResourcesTableViewController.swift */ = {isa = PBXFileReference; lastKnownFileType = sourcecode.swift; path = ResourcesTableViewController.swift; sourceTree = "<group>"; };
		834C30DE20534A05003DA584 /* TigerTalksDetailViewController.swift */ = {isa = PBXFileReference; lastKnownFileType = sourcecode.swift; path = TigerTalksDetailViewController.swift; sourceTree = "<group>"; };
		834C30E020534B32003DA584 /* EventDetailViewController.swift */ = {isa = PBXFileReference; lastKnownFileType = sourcecode.swift; path = EventDetailViewController.swift; sourceTree = "<group>"; };
		834C30E220534B62003DA584 /* MapViewController.swift */ = {isa = PBXFileReference; lastKnownFileType = sourcecode.swift; path = MapViewController.swift; sourceTree = "<group>"; };
		834C30E420534BC7003DA584 /* SponsorsCollectionViewController.swift */ = {isa = PBXFileReference; lastKnownFileType = sourcecode.swift; path = SponsorsCollectionViewController.swift; sourceTree = "<group>"; };
		834C30E620534C14003DA584 /* SponsorsDetailViewController.swift */ = {isa = PBXFileReference; lastKnownFileType = sourcecode.swift; path = SponsorsDetailViewController.swift; sourceTree = "<group>"; };
		834C30E82053625E003DA584 /* SponsorCollectionViewCell.swift */ = {isa = PBXFileReference; lastKnownFileType = sourcecode.swift; path = SponsorCollectionViewCell.swift; sourceTree = "<group>"; };
		834C30EA2053634E003DA584 /* ResourcesTableViewCell.swift */ = {isa = PBXFileReference; lastKnownFileType = sourcecode.swift; path = ResourcesTableViewCell.swift; sourceTree = "<group>"; };
		834C30EC20538791003DA584 /* PrizeDetailViewController.swift */ = {isa = PBXFileReference; lastKnownFileType = sourcecode.swift; path = PrizeDetailViewController.swift; sourceTree = "<group>"; };
		835CCC2E2058414800A6F86E /* MapTableViewCell.swift */ = {isa = PBXFileReference; lastKnownFileType = sourcecode.swift; path = MapTableViewCell.swift; sourceTree = "<group>"; };
		8370E4AA2087C7A6009983FC /* Youtube.swift */ = {isa = PBXFileReference; fileEncoding = 4; lastKnownFileType = sourcecode.swift; path = Youtube.swift; sourceTree = "<group>"; };
		83E116D92135B81700C52D8B /* AllMentorTableViewController.swift */ = {isa = PBXFileReference; lastKnownFileType = sourcecode.swift; path = AllMentorTableViewController.swift; sourceTree = "<group>"; };
		83F2AFD12054816700A137E5 /* MentorTableViewCell.swift */ = {isa = PBXFileReference; lastKnownFileType = sourcecode.swift; path = MentorTableViewCell.swift; sourceTree = "<group>"; };
		83F2AFD32054A05B00A137E5 /* Resource.swift */ = {isa = PBXFileReference; lastKnownFileType = sourcecode.swift; path = Resource.swift; sourceTree = "<group>"; };
		83F98463229D73F000D65BC3 /* TigerHacks-App.entitlements */ = {isa = PBXFileReference; lastKnownFileType = text.plist.entitlements; path = "TigerHacks-App.entitlements"; sourceTree = "<group>"; };
		83F984D9229D7FC100D65BC3 /* AWSCore.framework */ = {isa = PBXFileReference; lastKnownFileType = wrapper.framework; path = AWSCore.framework; sourceTree = "<group>"; };
		83F984DA229D7FC200D65BC3 /* AWSLogs.framework */ = {isa = PBXFileReference; lastKnownFileType = wrapper.framework; path = AWSLogs.framework; sourceTree = "<group>"; };
		83F984DB229D7FC200D65BC3 /* AWSFacebookSignIn.framework */ = {isa = PBXFileReference; lastKnownFileType = wrapper.framework; path = AWSFacebookSignIn.framework; sourceTree = "<group>"; };
		83F984DC229D7FC200D65BC3 /* AWSLex.framework */ = {isa = PBXFileReference; lastKnownFileType = wrapper.framework; path = AWSLex.framework; sourceTree = "<group>"; };
		83F984DD229D7FC200D65BC3 /* AWSDynamoDB.framework */ = {isa = PBXFileReference; lastKnownFileType = wrapper.framework; path = AWSDynamoDB.framework; sourceTree = "<group>"; };
		83F984DE229D7FC200D65BC3 /* AWSKinesisVideo.framework */ = {isa = PBXFileReference; lastKnownFileType = wrapper.framework; path = AWSKinesisVideo.framework; sourceTree = "<group>"; };
		83F984DF229D7FC300D65BC3 /* AWSSES.framework */ = {isa = PBXFileReference; lastKnownFileType = wrapper.framework; path = AWSSES.framework; sourceTree = "<group>"; };
		83F984E0229D7FC300D65BC3 /* AWSTranscribe.framework */ = {isa = PBXFileReference; lastKnownFileType = wrapper.framework; path = AWSTranscribe.framework; sourceTree = "<group>"; };
		83F984E2229D7FC300D65BC3 /* AWSPolly.framework */ = {isa = PBXFileReference; lastKnownFileType = wrapper.framework; path = AWSPolly.framework; sourceTree = "<group>"; };
		83F984E3229D7FC300D65BC3 /* AWSSQS.framework */ = {isa = PBXFileReference; lastKnownFileType = wrapper.framework; path = AWSSQS.framework; sourceTree = "<group>"; };
		83F984E4229D7FC400D65BC3 /* AWSAuthCore.framework */ = {isa = PBXFileReference; lastKnownFileType = wrapper.framework; path = AWSAuthCore.framework; sourceTree = "<group>"; };
		83F984E5229D7FC400D65BC3 /* AWSCognitoIdentityProvider.framework */ = {isa = PBXFileReference; lastKnownFileType = wrapper.framework; path = AWSCognitoIdentityProvider.framework; sourceTree = "<group>"; };
		83F984E6229D7FC400D65BC3 /* AWSMachineLearning.framework */ = {isa = PBXFileReference; lastKnownFileType = wrapper.framework; path = AWSMachineLearning.framework; sourceTree = "<group>"; };
		83F984E7229D7FC400D65BC3 /* AWSUserPoolsSignIn.framework */ = {isa = PBXFileReference; lastKnownFileType = wrapper.framework; path = AWSUserPoolsSignIn.framework; sourceTree = "<group>"; };
		83F984E8229D7FC400D65BC3 /* AWSAPIGateway.framework */ = {isa = PBXFileReference; lastKnownFileType = wrapper.framework; path = AWSAPIGateway.framework; sourceTree = "<group>"; };
		83F984E9229D7FC500D65BC3 /* AWSGoogleSignIn.framework */ = {isa = PBXFileReference; lastKnownFileType = wrapper.framework; path = AWSGoogleSignIn.framework; sourceTree = "<group>"; };
		83F984EA229D7FC500D65BC3 /* AWSLambda.framework */ = {isa = PBXFileReference; lastKnownFileType = wrapper.framework; path = AWSLambda.framework; sourceTree = "<group>"; };
		83F984EB229D7FC500D65BC3 /* AWSPinpoint.framework */ = {isa = PBXFileReference; lastKnownFileType = wrapper.framework; path = AWSPinpoint.framework; sourceTree = "<group>"; };
		83F984EC229D7FC500D65BC3 /* AWSCloudWatch.framework */ = {isa = PBXFileReference; lastKnownFileType = wrapper.framework; path = AWSCloudWatch.framework; sourceTree = "<group>"; };
		83F984ED229D7FC600D65BC3 /* AWSIoT.framework */ = {isa = PBXFileReference; lastKnownFileType = wrapper.framework; path = AWSIoT.framework; sourceTree = "<group>"; };
		83F984EE229D7FC600D65BC3 /* AWSMobileAnalytics.framework */ = {isa = PBXFileReference; lastKnownFileType = wrapper.framework; path = AWSMobileAnalytics.framework; sourceTree = "<group>"; };
		83F984EF229D7FC600D65BC3 /* AWSSimpleDB.framework */ = {isa = PBXFileReference; lastKnownFileType = wrapper.framework; path = AWSSimpleDB.framework; sourceTree = "<group>"; };
		83F984F0229D7FC600D65BC3 /* AWSKinesisVideoArchivedMedia.framework */ = {isa = PBXFileReference; lastKnownFileType = wrapper.framework; path = AWSKinesisVideoArchivedMedia.framework; sourceTree = "<group>"; };
		83F984F1229D7FC700D65BC3 /* AWSEC2.framework */ = {isa = PBXFileReference; lastKnownFileType = wrapper.framework; path = AWSEC2.framework; sourceTree = "<group>"; };
		83F984F2229D7FC700D65BC3 /* AWSCognitoIdentityProviderASF.framework */ = {isa = PBXFileReference; lastKnownFileType = wrapper.framework; path = AWSCognitoIdentityProviderASF.framework; sourceTree = "<group>"; };
		83F984F3229D7FC700D65BC3 /* AWSKinesis.framework */ = {isa = PBXFileReference; lastKnownFileType = wrapper.framework; path = AWSKinesis.framework; sourceTree = "<group>"; };
		83F984F4229D7FC800D65BC3 /* AWSCognitoAuth.framework */ = {isa = PBXFileReference; lastKnownFileType = wrapper.framework; path = AWSCognitoAuth.framework; sourceTree = "<group>"; };
		83F984F5229D7FC800D65BC3 /* AWSKMS.framework */ = {isa = PBXFileReference; lastKnownFileType = wrapper.framework; path = AWSKMS.framework; sourceTree = "<group>"; };
		83F984F6229D7FC800D65BC3 /* AWSSNS.framework */ = {isa = PBXFileReference; lastKnownFileType = wrapper.framework; path = AWSSNS.framework; sourceTree = "<group>"; };
		83F984F7229D7FC800D65BC3 /* AWSAuthUI.framework */ = {isa = PBXFileReference; lastKnownFileType = wrapper.framework; path = AWSAuthUI.framework; sourceTree = "<group>"; };
		83F984F8229D7FC800D65BC3 /* AWSCognito.framework */ = {isa = PBXFileReference; lastKnownFileType = wrapper.framework; path = AWSCognito.framework; sourceTree = "<group>"; };
		83F984F9229D7FC900D65BC3 /* AWSAutoScaling.framework */ = {isa = PBXFileReference; lastKnownFileType = wrapper.framework; path = AWSAutoScaling.framework; sourceTree = "<group>"; };
		83F984FA229D7FC900D65BC3 /* AWSElasticLoadBalancing.framework */ = {isa = PBXFileReference; lastKnownFileType = wrapper.framework; path = AWSElasticLoadBalancing.framework; sourceTree = "<group>"; };
		83F984FB229D7FC900D65BC3 /* AWSComprehend.framework */ = {isa = PBXFileReference; lastKnownFileType = wrapper.framework; path = AWSComprehend.framework; sourceTree = "<group>"; };
		83F984FC229D7FC900D65BC3 /* AWSRekognition.framework */ = {isa = PBXFileReference; lastKnownFileType = wrapper.framework; path = AWSRekognition.framework; sourceTree = "<group>"; };
		83F984FD229D7FCA00D65BC3 /* AWSS3.framework */ = {isa = PBXFileReference; lastKnownFileType = wrapper.framework; path = AWSS3.framework; sourceTree = "<group>"; };
		83F984FE229D7FCA00D65BC3 /* AWSTranslate.framework */ = {isa = PBXFileReference; lastKnownFileType = wrapper.framework; path = AWSTranslate.framework; sourceTree = "<group>"; };
		AE4CBCD3215C1DD200BD049C /* SponsorResponse.swift */ = {isa = PBXFileReference; fileEncoding = 4; lastKnownFileType = sourcecode.swift; path = SponsorResponse.swift; sourceTree = "<group>"; };
		AE8E31D8208957BC0041520F /* Constants.swift */ = {isa = PBXFileReference; lastKnownFileType = sourcecode.swift; path = Constants.swift; sourceTree = "<group>"; };
		AE8E31DA208958560041520F /* Extensions.swift */ = {isa = PBXFileReference; lastKnownFileType = sourcecode.swift; path = Extensions.swift; sourceTree = "<group>"; };
/* End PBXFileReference section */

/* Begin PBXFrameworksBuildPhase section */
		834C30A720532FFB003DA584 /* Frameworks */ = {
			isa = PBXFrameworksBuildPhase;
			buildActionMask = 2147483647;
			files = (
				83F98535229D7FCB00D65BC3 /* AWSCognitoAuth.framework in Frameworks */,
				83F98539229D7FCB00D65BC3 /* AWSSNS.framework in Frameworks */,
				83F9853B229D7FCB00D65BC3 /* AWSAuthUI.framework in Frameworks */,
				83F98525229D7FCB00D65BC3 /* AWSCloudWatch.framework in Frameworks */,
				83F98541229D7FCB00D65BC3 /* AWSElasticLoadBalancing.framework in Frameworks */,
				83F9851B229D7FCA00D65BC3 /* AWSUserPoolsSignIn.framework in Frameworks */,
				83F98519229D7FCA00D65BC3 /* AWSMachineLearning.framework in Frameworks */,
				83F98529229D7FCB00D65BC3 /* AWSMobileAnalytics.framework in Frameworks */,
				83F98513229D7FCA00D65BC3 /* AWSSQS.framework in Frameworks */,
				83F98521229D7FCA00D65BC3 /* AWSLambda.framework in Frameworks */,
				83F9852F229D7FCB00D65BC3 /* AWSEC2.framework in Frameworks */,
				83F98505229D7FCA00D65BC3 /* AWSLex.framework in Frameworks */,
				83F98503229D7FCA00D65BC3 /* AWSFacebookSignIn.framework in Frameworks */,
				83F98515229D7FCA00D65BC3 /* AWSAuthCore.framework in Frameworks */,
				83F98527229D7FCB00D65BC3 /* AWSIoT.framework in Frameworks */,
				83F9853D229D7FCB00D65BC3 /* AWSCognito.framework in Frameworks */,
				83F984FF229D7FCA00D65BC3 /* AWSCore.framework in Frameworks */,
				83F98511229D7FCA00D65BC3 /* AWSPolly.framework in Frameworks */,
				83F9851F229D7FCA00D65BC3 /* AWSGoogleSignIn.framework in Frameworks */,
				83F9853F229D7FCB00D65BC3 /* AWSAutoScaling.framework in Frameworks */,
				83F98543229D7FCB00D65BC3 /* AWSComprehend.framework in Frameworks */,
				83F9850D229D7FCA00D65BC3 /* AWSTranscribe.framework in Frameworks */,
				83F98501229D7FCA00D65BC3 /* AWSLogs.framework in Frameworks */,
				83F9851D229D7FCA00D65BC3 /* AWSAPIGateway.framework in Frameworks */,
				83F9852D229D7FCB00D65BC3 /* AWSKinesisVideoArchivedMedia.framework in Frameworks */,
				83F98523229D7FCB00D65BC3 /* AWSPinpoint.framework in Frameworks */,
				83F9850B229D7FCA00D65BC3 /* AWSSES.framework in Frameworks */,
				83F98533229D7FCB00D65BC3 /* AWSKinesis.framework in Frameworks */,
				83F98545229D7FCB00D65BC3 /* AWSRekognition.framework in Frameworks */,
				83F98549229D7FCB00D65BC3 /* AWSTranslate.framework in Frameworks */,
				83F9852B229D7FCB00D65BC3 /* AWSSimpleDB.framework in Frameworks */,
				83F98517229D7FCA00D65BC3 /* AWSCognitoIdentityProvider.framework in Frameworks */,
				83F98507229D7FCA00D65BC3 /* AWSDynamoDB.framework in Frameworks */,
				83F98547229D7FCB00D65BC3 /* AWSS3.framework in Frameworks */,
				83F98531229D7FCB00D65BC3 /* AWSCognitoIdentityProviderASF.framework in Frameworks */,
				83F98509229D7FCA00D65BC3 /* AWSKinesisVideo.framework in Frameworks */,
				83F98537229D7FCB00D65BC3 /* AWSKMS.framework in Frameworks */,
			);
			runOnlyForDeploymentPostprocessing = 0;
		};
/* End PBXFrameworksBuildPhase section */

/* Begin PBXGroup section */
		083FAB2273A5142E52EB3170 /* Frameworks */ = {
			isa = PBXGroup;
			children = (
				83F984E8229D7FC400D65BC3 /* AWSAPIGateway.framework */,
				83F984E4229D7FC400D65BC3 /* AWSAuthCore.framework */,
				83F984F7229D7FC800D65BC3 /* AWSAuthUI.framework */,
				83F984F9229D7FC900D65BC3 /* AWSAutoScaling.framework */,
				83F984EC229D7FC500D65BC3 /* AWSCloudWatch.framework */,
				83F984F8229D7FC800D65BC3 /* AWSCognito.framework */,
				83F984F4229D7FC800D65BC3 /* AWSCognitoAuth.framework */,
				83F984E5229D7FC400D65BC3 /* AWSCognitoIdentityProvider.framework */,
				83F984F2229D7FC700D65BC3 /* AWSCognitoIdentityProviderASF.framework */,
				83F984FB229D7FC900D65BC3 /* AWSComprehend.framework */,
				83F984D9229D7FC100D65BC3 /* AWSCore.framework */,
				83F984DD229D7FC200D65BC3 /* AWSDynamoDB.framework */,
				83F984F1229D7FC700D65BC3 /* AWSEC2.framework */,
				83F984FA229D7FC900D65BC3 /* AWSElasticLoadBalancing.framework */,
				83F984DB229D7FC200D65BC3 /* AWSFacebookSignIn.framework */,
				83F984E9229D7FC500D65BC3 /* AWSGoogleSignIn.framework */,
				83F984ED229D7FC600D65BC3 /* AWSIoT.framework */,
				83F984F3229D7FC700D65BC3 /* AWSKinesis.framework */,
				83F984DE229D7FC200D65BC3 /* AWSKinesisVideo.framework */,
				83F984F0229D7FC600D65BC3 /* AWSKinesisVideoArchivedMedia.framework */,
				83F984F5229D7FC800D65BC3 /* AWSKMS.framework */,
				83F984EA229D7FC500D65BC3 /* AWSLambda.framework */,
				83F984DC229D7FC200D65BC3 /* AWSLex.framework */,
				83F984DA229D7FC200D65BC3 /* AWSLogs.framework */,
				83F984E6229D7FC400D65BC3 /* AWSMachineLearning.framework */,
				83F984EE229D7FC600D65BC3 /* AWSMobileAnalytics.framework */,
				83F984EB229D7FC500D65BC3 /* AWSPinpoint.framework */,
				83F984E2229D7FC300D65BC3 /* AWSPolly.framework */,
				83F984FC229D7FC900D65BC3 /* AWSRekognition.framework */,
				83F984FD229D7FCA00D65BC3 /* AWSS3.framework */,
				83F984DF229D7FC300D65BC3 /* AWSSES.framework */,
				83F984EF229D7FC600D65BC3 /* AWSSimpleDB.framework */,
				83F984F6229D7FC800D65BC3 /* AWSSNS.framework */,
				83F984E3229D7FC300D65BC3 /* AWSSQS.framework */,
				83F984E0229D7FC300D65BC3 /* AWSTranscribe.framework */,
				83F984FE229D7FCA00D65BC3 /* AWSTranslate.framework */,
				83F984E7229D7FC400D65BC3 /* AWSUserPoolsSignIn.framework */,
			);
			name = Frameworks;
			sourceTree = "<group>";
		};
		834C30A120532FFB003DA584 = {
			isa = PBXGroup;
			children = (
				834C30AC20532FFB003DA584 /* TigerHacks-App */,
				834C30AB20532FFB003DA584 /* Products */,
				083FAB2273A5142E52EB3170 /* Frameworks */,
			);
			sourceTree = "<group>";
		};
		834C30AB20532FFB003DA584 /* Products */ = {
			isa = PBXGroup;
			children = (
				834C30AA20532FFB003DA584 /* TigerHacks-App.app */,
			);
			name = Products;
			sourceTree = "<group>";
		};
		834C30AC20532FFB003DA584 /* TigerHacks-App */ = {
			isa = PBXGroup;
			children = (
				83F98463229D73F000D65BC3 /* TigerHacks-App.entitlements */,
				834C30AD20532FFB003DA584 /* AppDelegate.swift */,
				834C30B120532FFB003DA584 /* Main.storyboard */,
				AE8E31DA208958560041520F /* Extensions.swift */,
				834C30CC205330F0003DA584 /* Model */,
				834C30D120533EE5003DA584 /* Views */,
				834C30B720532FFB003DA584 /* Assets.xcassets */,
				834C30B920532FFB003DA584 /* LaunchScreen.storyboard */,
				834C30BC20532FFB003DA584 /* Info.plist */,
				834C30B420532FFB003DA584 /* TigerHacks_App.xcdatamodeld */,
			);
			path = "TigerHacks-App";
			sourceTree = "<group>";
		};
		834C30CC205330F0003DA584 /* Model */ = {
			isa = PBXGroup;
			children = (
				834C30CA205330AC003DA584 /* Model.swift */,
				8370E4AA2087C7A6009983FC /* Youtube.swift */,
				834C30C22053307B003DA584 /* Event.swift */,
				834C30C420533085003DA584 /* Prize.swift */,
				83F2AFD32054A05B00A137E5 /* Resource.swift */,
				834C30C620533096003DA584 /* Sponsor.swift */,
				834C30C82053309E003DA584 /* Mentor.swift */,
				AE4CBCD3215C1DD200BD049C /* SponsorResponse.swift */,
				AE8E31D8208957BC0041520F /* Constants.swift */,
			);
			path = Model;
			sourceTree = "<group>";
		};
		834C30D120533EE5003DA584 /* Views */ = {
			isa = PBXGroup;
			children = (
				834C30D42053406A003DA584 /* Schedule */,
				834C30D7205340A9003DA584 /* Map */,
				834C30D52053407F003DA584 /* Prizes */,
				834C30D9205340B7003DA584 /* Resources */,
				834C30D62053409B003DA584 /* Sponsors */,
			);
			path = Views;
			sourceTree = "<group>";
		};
		834C30D42053406A003DA584 /* Schedule */ = {
			isa = PBXGroup;
			children = (
				834C30D220533F6C003DA584 /* ScheduleViewController.swift */,
				834C30DA20534100003DA584 /* ScheduleTableViewCell.swift */,
				834C30E020534B32003DA584 /* EventDetailViewController.swift */,
			);
			path = Schedule;
			sourceTree = "<group>";
		};
		834C30D52053407F003DA584 /* Prizes */ = {
			isa = PBXGroup;
			children = (
				834C30CD20533E01003DA584 /* PrizesViewController.swift */,
				834C30CF20533EBA003DA584 /* PrizeTableViewCell.swift */,
				834C30EC20538791003DA584 /* PrizeDetailViewController.swift */,
			);
			path = Prizes;
			sourceTree = "<group>";
		};
		834C30D62053409B003DA584 /* Sponsors */ = {
			isa = PBXGroup;
			children = (
				83E116D92135B81700C52D8B /* AllMentorTableViewController.swift */,
				834C30E420534BC7003DA584 /* SponsorsCollectionViewController.swift */,
				834C30E82053625E003DA584 /* SponsorCollectionViewCell.swift */,
				834C30E620534C14003DA584 /* SponsorsDetailViewController.swift */,
				83F2AFD12054816700A137E5 /* MentorTableViewCell.swift */,
			);
			path = Sponsors;
			sourceTree = "<group>";
		};
		834C30D7205340A9003DA584 /* Map */ = {
			isa = PBXGroup;
			children = (
				834C30E220534B62003DA584 /* MapViewController.swift */,
				835CCC2E2058414800A6F86E /* MapTableViewCell.swift */,
			);
			path = Map;
			sourceTree = "<group>";
		};
		834C30D9205340B7003DA584 /* Resources */ = {
			isa = PBXGroup;
			children = (
				8331AD0A216539C100F405AB /* ResourceDetailViewController.swift */,
				834C30DC20534994003DA584 /* ResourcesTableViewController.swift */,
				834C30EA2053634E003DA584 /* ResourcesTableViewCell.swift */,
				834C30DE20534A05003DA584 /* TigerTalksDetailViewController.swift */,
			);
			path = Resources;
			sourceTree = "<group>";
		};
/* End PBXGroup section */

/* Begin PBXNativeTarget section */
		834C30A920532FFB003DA584 /* TigerHacks-App */ = {
			isa = PBXNativeTarget;
			buildConfigurationList = 834C30BF20532FFB003DA584 /* Build configuration list for PBXNativeTarget "TigerHacks-App" */;
			buildPhases = (
				834C30A620532FFB003DA584 /* Sources */,
				834C30A720532FFB003DA584 /* Frameworks */,
				834C30A820532FFB003DA584 /* Resources */,
				83E116DB2139CB4700C52D8B /* ShellScript */,
				83F984D7229D7F0400D65BC3 /* Embed Frameworks */,
				83F984D8229D7F2100D65BC3 /* ShellScript */,
			);
			buildRules = (
			);
			dependencies = (
			);
			name = "TigerHacks-App";
			productName = "TigerHacks-App";
			productReference = 834C30AA20532FFB003DA584 /* TigerHacks-App.app */;
			productType = "com.apple.product-type.application";
		};
/* End PBXNativeTarget section */

/* Begin PBXProject section */
		834C30A220532FFB003DA584 /* Project object */ = {
			isa = PBXProject;
			attributes = {
				LastSwiftUpdateCheck = 0920;
				LastUpgradeCheck = 0930;
				ORGANIZATIONNAME = "Zukosky, Jonah";
				TargetAttributes = {
					834C30A920532FFB003DA584 = {
						CreatedOnToolsVersion = 9.2;
						LastSwiftMigration = 1000;
						ProvisioningStyle = Automatic;
						SystemCapabilities = {
							com.apple.Push = {
								enabled = 1;
							};
						};
					};
				};
			};
			buildConfigurationList = 834C30A520532FFB003DA584 /* Build configuration list for PBXProject "TigerHacks-App" */;
			compatibilityVersion = "Xcode 9.3";
			developmentRegion = en;
			hasScannedForEncodings = 0;
			knownRegions = (
				en,
				Base,
			);
			mainGroup = 834C30A120532FFB003DA584;
			productRefGroup = 834C30AB20532FFB003DA584 /* Products */;
			projectDirPath = "";
			projectRoot = "";
			targets = (
				834C30A920532FFB003DA584 /* TigerHacks-App */,
			);
		};
/* End PBXProject section */

/* Begin PBXResourcesBuildPhase section */
		834C30A820532FFB003DA584 /* Resources */ = {
			isa = PBXResourcesBuildPhase;
			buildActionMask = 2147483647;
			files = (
				834C30BB20532FFB003DA584 /* LaunchScreen.storyboard in Resources */,
				834C30B820532FFB003DA584 /* Assets.xcassets in Resources */,
				834C30B320532FFB003DA584 /* Main.storyboard in Resources */,
			);
			runOnlyForDeploymentPostprocessing = 0;
		};
/* End PBXResourcesBuildPhase section */

/* Begin PBXShellScriptBuildPhase section */
		83E116DB2139CB4700C52D8B /* ShellScript */ = {
			isa = PBXShellScriptBuildPhase;
			buildActionMask = 2147483647;
			files = (
			);
			inputPaths = (
			);
			outputPaths = (
			);
			runOnlyForDeploymentPostprocessing = 0;
			shellPath = /bin/sh;
			shellScript = "if which swiftlint >/dev/null; then\nswiftlint\nelse\necho \"warning: SwiftLint not installed, download from https://github.com/realm/SwiftLint\"\nfi\n";
		};
		83F984D8229D7F2100D65BC3 /* ShellScript */ = {
			isa = PBXShellScriptBuildPhase;
			buildActionMask = 2147483647;
			files = (
			);
			inputFileListPaths = (
			);
			inputPaths = (
			);
			outputFileListPaths = (
			);
			outputPaths = (
			);
			runOnlyForDeploymentPostprocessing = 0;
			shellPath = /bin/sh;
			shellScript = "# Type a script or drag a script file from your workspace to insert its path.\nbash \"${BUILT_PRODUCTS_DIR}/${FRAMEWORKS_FOLDER_PATH}/AWSCore.framework/strip-frameworks.sh\"\n";
		};
/* End PBXShellScriptBuildPhase section */

/* Begin PBXSourcesBuildPhase section */
		834C30A620532FFB003DA584 /* Sources */ = {
			isa = PBXSourcesBuildPhase;
			buildActionMask = 2147483647;
			files = (
				834C30E720534C14003DA584 /* SponsorsDetailViewController.swift in Sources */,
				834C30C720533096003DA584 /* Sponsor.swift in Sources */,
				834C30C32053307B003DA584 /* Event.swift in Sources */,
				834C30DB20534100003DA584 /* ScheduleTableViewCell.swift in Sources */,
				834C30E520534BC7003DA584 /* SponsorsCollectionViewController.swift in Sources */,
				835CCC2F2058414800A6F86E /* MapTableViewCell.swift in Sources */,
				834C30C520533085003DA584 /* Prize.swift in Sources */,
				834C30D020533EBA003DA584 /* PrizeTableViewCell.swift in Sources */,
				83E116DA2135B81700C52D8B /* AllMentorTableViewController.swift in Sources */,
				834C30CE20533E01003DA584 /* PrizesViewController.swift in Sources */,
				834C30D320533F6C003DA584 /* ScheduleViewController.swift in Sources */,
				834C30DD20534994003DA584 /* ResourcesTableViewController.swift in Sources */,
				834C30ED20538791003DA584 /* PrizeDetailViewController.swift in Sources */,
				834C30EB2053634E003DA584 /* ResourcesTableViewCell.swift in Sources */,
				834C30DF20534A05003DA584 /* TigerTalksDetailViewController.swift in Sources */,
				83F2AFD22054816700A137E5 /* MentorTableViewCell.swift in Sources */,
				834C30C92053309E003DA584 /* Mentor.swift in Sources */,
				834C30AE20532FFB003DA584 /* AppDelegate.swift in Sources */,
				83F2AFD42054A05B00A137E5 /* Resource.swift in Sources */,
				834C30E120534B32003DA584 /* EventDetailViewController.swift in Sources */,
				834C30E92053625E003DA584 /* SponsorCollectionViewCell.swift in Sources */,
				AE4CBCD4215C1DD200BD049C /* SponsorResponse.swift in Sources */,
				AE8E31DB208958560041520F /* Extensions.swift in Sources */,
				834C30E320534B62003DA584 /* MapViewController.swift in Sources */,
				834C30CB205330AC003DA584 /* Model.swift in Sources */,
				8370E4AC2087C7A6009983FC /* Youtube.swift in Sources */,
				AE8E31D9208957BC0041520F /* Constants.swift in Sources */,
				8331AD0B216539C100F405AB /* ResourceDetailViewController.swift in Sources */,
			);
			runOnlyForDeploymentPostprocessing = 0;
		};
/* End PBXSourcesBuildPhase section */

/* Begin PBXVariantGroup section */
		834C30B120532FFB003DA584 /* Main.storyboard */ = {
			isa = PBXVariantGroup;
			children = (
				834C30B220532FFB003DA584 /* Base */,
			);
			name = Main.storyboard;
			sourceTree = "<group>";
		};
		834C30B920532FFB003DA584 /* LaunchScreen.storyboard */ = {
			isa = PBXVariantGroup;
			children = (
				834C30BA20532FFB003DA584 /* Base */,
			);
			name = LaunchScreen.storyboard;
			sourceTree = "<group>";
		};
/* End PBXVariantGroup section */

/* Begin XCBuildConfiguration section */
		834C30BD20532FFB003DA584 /* Debug */ = {
			isa = XCBuildConfiguration;
			buildSettings = {
				ALWAYS_SEARCH_USER_PATHS = NO;
				CLANG_ANALYZER_NONNULL = YES;
				CLANG_ANALYZER_NUMBER_OBJECT_CONVERSION = YES_AGGRESSIVE;
				CLANG_CXX_LANGUAGE_STANDARD = "gnu++14";
				CLANG_CXX_LIBRARY = "libc++";
				CLANG_ENABLE_MODULES = YES;
				CLANG_ENABLE_OBJC_ARC = YES;
				CLANG_WARN_BLOCK_CAPTURE_AUTORELEASING = YES;
				CLANG_WARN_BOOL_CONVERSION = YES;
				CLANG_WARN_COMMA = YES;
				CLANG_WARN_CONSTANT_CONVERSION = YES;
				CLANG_WARN_DEPRECATED_OBJC_IMPLEMENTATIONS = YES;
				CLANG_WARN_DIRECT_OBJC_ISA_USAGE = YES_ERROR;
				CLANG_WARN_DOCUMENTATION_COMMENTS = YES;
				CLANG_WARN_EMPTY_BODY = YES;
				CLANG_WARN_ENUM_CONVERSION = YES;
				CLANG_WARN_INFINITE_RECURSION = YES;
				CLANG_WARN_INT_CONVERSION = YES;
				CLANG_WARN_NON_LITERAL_NULL_CONVERSION = YES;
				CLANG_WARN_OBJC_IMPLICIT_RETAIN_SELF = YES;
				CLANG_WARN_OBJC_LITERAL_CONVERSION = YES;
				CLANG_WARN_OBJC_ROOT_CLASS = YES_ERROR;
				CLANG_WARN_RANGE_LOOP_ANALYSIS = YES;
				CLANG_WARN_STRICT_PROTOTYPES = YES;
				CLANG_WARN_SUSPICIOUS_MOVE = YES;
				CLANG_WARN_UNGUARDED_AVAILABILITY = YES_AGGRESSIVE;
				CLANG_WARN_UNREACHABLE_CODE = YES;
				CLANG_WARN__DUPLICATE_METHOD_MATCH = YES;
				CODE_SIGN_IDENTITY = "iPhone Developer";
				COPY_PHASE_STRIP = NO;
				DEBUG_INFORMATION_FORMAT = dwarf;
				ENABLE_STRICT_OBJC_MSGSEND = YES;
				ENABLE_TESTABILITY = YES;
				GCC_C_LANGUAGE_STANDARD = gnu11;
				GCC_DYNAMIC_NO_PIC = NO;
				GCC_NO_COMMON_BLOCKS = YES;
				GCC_OPTIMIZATION_LEVEL = 0;
				GCC_PREPROCESSOR_DEFINITIONS = (
					"DEBUG=1",
					"$(inherited)",
				);
				GCC_WARN_64_TO_32_BIT_CONVERSION = YES;
				GCC_WARN_ABOUT_RETURN_TYPE = YES_ERROR;
				GCC_WARN_UNDECLARED_SELECTOR = YES;
				GCC_WARN_UNINITIALIZED_AUTOS = YES_AGGRESSIVE;
				GCC_WARN_UNUSED_FUNCTION = YES;
				GCC_WARN_UNUSED_VARIABLE = YES;
				IPHONEOS_DEPLOYMENT_TARGET = 11.2;
				MTL_ENABLE_DEBUG_INFO = YES;
				ONLY_ACTIVE_ARCH = YES;
				SDKROOT = iphoneos;
				SWIFT_ACTIVE_COMPILATION_CONDITIONS = DEBUG;
				SWIFT_COMPILATION_MODE = singlefile;
				SWIFT_OPTIMIZATION_LEVEL = "-Onone";
			};
			name = Debug;
		};
		834C30BE20532FFB003DA584 /* Release */ = {
			isa = XCBuildConfiguration;
			buildSettings = {
				ALWAYS_SEARCH_USER_PATHS = NO;
				CLANG_ANALYZER_NONNULL = YES;
				CLANG_ANALYZER_NUMBER_OBJECT_CONVERSION = YES_AGGRESSIVE;
				CLANG_CXX_LANGUAGE_STANDARD = "gnu++14";
				CLANG_CXX_LIBRARY = "libc++";
				CLANG_ENABLE_MODULES = YES;
				CLANG_ENABLE_OBJC_ARC = YES;
				CLANG_WARN_BLOCK_CAPTURE_AUTORELEASING = YES;
				CLANG_WARN_BOOL_CONVERSION = YES;
				CLANG_WARN_COMMA = YES;
				CLANG_WARN_CONSTANT_CONVERSION = YES;
				CLANG_WARN_DEPRECATED_OBJC_IMPLEMENTATIONS = YES;
				CLANG_WARN_DIRECT_OBJC_ISA_USAGE = YES_ERROR;
				CLANG_WARN_DOCUMENTATION_COMMENTS = YES;
				CLANG_WARN_EMPTY_BODY = YES;
				CLANG_WARN_ENUM_CONVERSION = YES;
				CLANG_WARN_INFINITE_RECURSION = YES;
				CLANG_WARN_INT_CONVERSION = YES;
				CLANG_WARN_NON_LITERAL_NULL_CONVERSION = YES;
				CLANG_WARN_OBJC_IMPLICIT_RETAIN_SELF = YES;
				CLANG_WARN_OBJC_LITERAL_CONVERSION = YES;
				CLANG_WARN_OBJC_ROOT_CLASS = YES_ERROR;
				CLANG_WARN_RANGE_LOOP_ANALYSIS = YES;
				CLANG_WARN_STRICT_PROTOTYPES = YES;
				CLANG_WARN_SUSPICIOUS_MOVE = YES;
				CLANG_WARN_UNGUARDED_AVAILABILITY = YES_AGGRESSIVE;
				CLANG_WARN_UNREACHABLE_CODE = YES;
				CLANG_WARN__DUPLICATE_METHOD_MATCH = YES;
				CODE_SIGN_IDENTITY = "iPhone Developer";
				COPY_PHASE_STRIP = NO;
				DEBUG_INFORMATION_FORMAT = "dwarf-with-dsym";
				ENABLE_NS_ASSERTIONS = NO;
				ENABLE_STRICT_OBJC_MSGSEND = YES;
				GCC_C_LANGUAGE_STANDARD = gnu11;
				GCC_NO_COMMON_BLOCKS = YES;
				GCC_WARN_64_TO_32_BIT_CONVERSION = YES;
				GCC_WARN_ABOUT_RETURN_TYPE = YES_ERROR;
				GCC_WARN_UNDECLARED_SELECTOR = YES;
				GCC_WARN_UNINITIALIZED_AUTOS = YES_AGGRESSIVE;
				GCC_WARN_UNUSED_FUNCTION = YES;
				GCC_WARN_UNUSED_VARIABLE = YES;
				IPHONEOS_DEPLOYMENT_TARGET = 11.2;
				MTL_ENABLE_DEBUG_INFO = NO;
				SDKROOT = iphoneos;
				SWIFT_COMPILATION_MODE = wholemodule;
				SWIFT_OPTIMIZATION_LEVEL = "-O";
				VALIDATE_PRODUCT = YES;
			};
			name = Release;
		};
		834C30C020532FFB003DA584 /* Debug */ = {
			isa = XCBuildConfiguration;
			buildSettings = {
				ASSETCATALOG_COMPILER_APPICON_NAME = AppIcon;
				CODE_SIGN_ENTITLEMENTS = "TigerHacks-App/TigerHacks-App.entitlements";
				"CODE_SIGN_IDENTITY[sdk=iphoneos*]" = "iPhone Developer";
				CODE_SIGN_STYLE = Automatic;
				DEVELOPMENT_TEAM = 89YGS6UCLW;
				FRAMEWORK_SEARCH_PATHS = (
					"$(inherited)",
					"$(PROJECT_DIR)/frameworks",
					"$(PROJECT_DIR)",
				);
				INFOPLIST_FILE = "TigerHacks-App/Info.plist";
				IPHONEOS_DEPLOYMENT_TARGET = 11.4;
				LD_RUNPATH_SEARCH_PATHS = (
					"$(inherited)",
					"@executable_path/Frameworks",
				);
				PRODUCT_BUNDLE_IDENTIFIER = "edu.missouri.TigerHacks-App";
				PRODUCT_NAME = "$(TARGET_NAME)";
				PROVISIONING_PROFILE_SPECIFIER = "";
				SWIFT_VERSION = 4.2;
				TARGETED_DEVICE_FAMILY = "1,2";
			};
			name = Debug;
		};
		834C30C120532FFB003DA584 /* Release */ = {
			isa = XCBuildConfiguration;
			buildSettings = {
				ASSETCATALOG_COMPILER_APPICON_NAME = AppIcon;
				CODE_SIGN_ENTITLEMENTS = "TigerHacks-App/TigerHacks-App.entitlements";
				"CODE_SIGN_IDENTITY[sdk=iphoneos*]" = "iPhone Developer";
				CODE_SIGN_STYLE = Automatic;
				DEVELOPMENT_TEAM = 89YGS6UCLW;
				FRAMEWORK_SEARCH_PATHS = (
					"$(inherited)",
					"$(PROJECT_DIR)/frameworks",
					"$(PROJECT_DIR)",
				);
				INFOPLIST_FILE = "TigerHacks-App/Info.plist";
				IPHONEOS_DEPLOYMENT_TARGET = 11.4;
				LD_RUNPATH_SEARCH_PATHS = (
					"$(inherited)",
					"@executable_path/Frameworks",
				);
				PRODUCT_BUNDLE_IDENTIFIER = "edu.missouri.TigerHacks-App";
				PRODUCT_NAME = "$(TARGET_NAME)";
				PROVISIONING_PROFILE_SPECIFIER = "";
				SWIFT_VERSION = 4.2;
				TARGETED_DEVICE_FAMILY = "1,2";
			};
			name = Release;
		};
/* End XCBuildConfiguration section */

/* Begin XCConfigurationList section */
		834C30A520532FFB003DA584 /* Build configuration list for PBXProject "TigerHacks-App" */ = {
			isa = XCConfigurationList;
			buildConfigurations = (
				834C30BD20532FFB003DA584 /* Debug */,
				834C30BE20532FFB003DA584 /* Release */,
			);
			defaultConfigurationIsVisible = 0;
			defaultConfigurationName = Release;
		};
		834C30BF20532FFB003DA584 /* Build configuration list for PBXNativeTarget "TigerHacks-App" */ = {
			isa = XCConfigurationList;
			buildConfigurations = (
				834C30C020532FFB003DA584 /* Debug */,
				834C30C120532FFB003DA584 /* Release */,
			);
			defaultConfigurationIsVisible = 0;
			defaultConfigurationName = Release;
		};
/* End XCConfigurationList section */

/* Begin XCVersionGroup section */
		834C30B420532FFB003DA584 /* TigerHacks_App.xcdatamodeld */ = {
			isa = XCVersionGroup;
			children = (
				834C30B520532FFB003DA584 /* TigerHacks_App.xcdatamodel */,
			);
			currentVersion = 834C30B520532FFB003DA584 /* TigerHacks_App.xcdatamodel */;
			path = TigerHacks_App.xcdatamodeld;
			sourceTree = "<group>";
			versionGroupType = wrapper.xcdatamodel;
		};
/* End XCVersionGroup section */
	};
	rootObject = 834C30A220532FFB003DA584 /* Project object */;
}
